// !$*UTF8*$!
{
	archiveVersion = 1;
	classes = {
	};
	objectVersion = 50;
	objects = {

/* Begin PBXBuildFile section */
		7F67753724CFD8E200392232 /* FHPerson.m in Sources */ = {isa = PBXBuildFile; fileRef = 7F67753624CFD8E200392232 /* FHPerson.m */; };
		7F799D9524C9853500526B14 /* AppDelegate.m in Sources */ = {isa = PBXBuildFile; fileRef = 7F799D9424C9853500526B14 /* AppDelegate.m */; };
		7F799D9824C9853500526B14 /* SceneDelegate.m in Sources */ = {isa = PBXBuildFile; fileRef = 7F799D9724C9853500526B14 /* SceneDelegate.m */; };
		7F799DA024C9853700526B14 /* Assets.xcassets in Resources */ = {isa = PBXBuildFile; fileRef = 7F799D9F24C9853700526B14 /* Assets.xcassets */; };
		7F799DA324C9853700526B14 /* LaunchScreen.storyboard in Resources */ = {isa = PBXBuildFile; fileRef = 7F799DA124C9853700526B14 /* LaunchScreen.storyboard */; };
		7F799DA624C9853700526B14 /* main.m in Sources */ = {isa = PBXBuildFile; fileRef = 7F799DA524C9853700526B14 /* main.m */; };
		7F799DAE24C9855900526B14 /* RWViewController.m in Sources */ = {isa = PBXBuildFile; fileRef = 7F799DAC24C9855900526B14 /* RWViewController.m */; };
		7F799DB124C9856B00526B14 /* Main.storyboard in Resources */ = {isa = PBXBuildFile; fileRef = 7F799DAF24C9856B00526B14 /* Main.storyboard */; };
/* End PBXBuildFile section */

/* Begin PBXFileReference section */
		7F67753524CFD8E200392232 /* FHPerson.h */ = {isa = PBXFileReference; lastKnownFileType = sourcecode.c.h; path = FHPerson.h; sourceTree = "<group>"; };
		7F67753624CFD8E200392232 /* FHPerson.m */ = {isa = PBXFileReference; lastKnownFileType = sourcecode.c.objc; path = FHPerson.m; sourceTree = "<group>"; };
		7F799D9024C9853500526B14 /* 05-多线程-读写安全.app */ = {isa = PBXFileReference; explicitFileType = wrapper.application; includeInIndex = 0; path = "05-多线程-读写安全.app"; sourceTree = BUILT_PRODUCTS_DIR; };
		7F799D9324C9853500526B14 /* AppDelegate.h */ = {isa = PBXFileReference; lastKnownFileType = sourcecode.c.h; path = AppDelegate.h; sourceTree = "<group>"; };
		7F799D9424C9853500526B14 /* AppDelegate.m */ = {isa = PBXFileReference; lastKnownFileType = sourcecode.c.objc; path = AppDelegate.m; sourceTree = "<group>"; };
		7F799D9624C9853500526B14 /* SceneDelegate.h */ = {isa = PBXFileReference; lastKnownFileType = sourcecode.c.h; path = SceneDelegate.h; sourceTree = "<group>"; };
		7F799D9724C9853500526B14 /* SceneDelegate.m */ = {isa = PBXFileReference; lastKnownFileType = sourcecode.c.objc; path = SceneDelegate.m; sourceTree = "<group>"; };
		7F799D9F24C9853700526B14 /* Assets.xcassets */ = {isa = PBXFileReference; lastKnownFileType = folder.assetcatalog; path = Assets.xcassets; sourceTree = "<group>"; };
		7F799DA224C9853700526B14 /* Base */ = {isa = PBXFileReference; lastKnownFileType = file.storyboard; name = Base; path = Base.lproj/LaunchScreen.storyboard; sourceTree = "<group>"; };
		7F799DA424C9853700526B14 /* Info.plist */ = {isa = PBXFileReference; lastKnownFileType = text.plist.xml; path = Info.plist; sourceTree = "<group>"; };
		7F799DA524C9853700526B14 /* main.m */ = {isa = PBXFileReference; lastKnownFileType = sourcecode.c.objc; path = main.m; sourceTree = "<group>"; };
		7F799DAC24C9855900526B14 /* RWViewController.m */ = {isa = PBXFileReference; fileEncoding = 4; lastKnownFileType = sourcecode.c.objc; path = RWViewController.m; sourceTree = "<group>"; };
		7F799DAD24C9855900526B14 /* RWViewController.h */ = {isa = PBXFileReference; fileEncoding = 4; lastKnownFileType = sourcecode.c.h; path = RWViewController.h; sourceTree = "<group>"; };
		7F799DB024C9856B00526B14 /* Base */ = {isa = PBXFileReference; lastKnownFileType = file.storyboard; name = Base; path = Base.lproj/Main.storyboard; sourceTree = "<group>"; };
/* End PBXFileReference section */

/* Begin PBXFrameworksBuildPhase section */
		7F799D8D24C9853500526B14 /* Frameworks */ = {
			isa = PBXFrameworksBuildPhase;
			buildActionMask = 2147483647;
			files = (
			);
			runOnlyForDeploymentPostprocessing = 0;
		};
/* End PBXFrameworksBuildPhase section */

/* Begin PBXGroup section */
		7F799D8724C9853500526B14 = {
			isa = PBXGroup;
			children = (
				7F799D9224C9853500526B14 /* 05-多线程-读写安全 */,
				7F799D9124C9853500526B14 /* Products */,
			);
			sourceTree = "<group>";
		};
		7F799D9124C9853500526B14 /* Products */ = {
			isa = PBXGroup;
			children = (
				7F799D9024C9853500526B14 /* 05-多线程-读写安全.app */,
			);
			name = Products;
			sourceTree = "<group>";
		};
		7F799D9224C9853500526B14 /* 05-多线程-读写安全 */ = {
			isa = PBXGroup;
			children = (
				7F799DAF24C9856B00526B14 /* Main.storyboard */,
				7F799D9324C9853500526B14 /* AppDelegate.h */,
				7F799D9424C9853500526B14 /* AppDelegate.m */,
				7F799D9624C9853500526B14 /* SceneDelegate.h */,
				7F799D9724C9853500526B14 /* SceneDelegate.m */,
				7F799DAD24C9855900526B14 /* RWViewController.h */,
				7F799DAC24C9855900526B14 /* RWViewController.m */,
				7F799D9F24C9853700526B14 /* Assets.xcassets */,
				7F799DA124C9853700526B14 /* LaunchScreen.storyboard */,
				7F799DA424C9853700526B14 /* Info.plist */,
				7F799DA524C9853700526B14 /* main.m */,
				7F67753524CFD8E200392232 /* FHPerson.h */,
				7F67753624CFD8E200392232 /* FHPerson.m */,
			);
			path = "05-多线程-读写安全";
			sourceTree = "<group>";
		};
/* End PBXGroup section */

/* Begin PBXNativeTarget section */
		7F799D8F24C9853500526B14 /* 05-多线程-读写安全 */ = {
			isa = PBXNativeTarget;
			buildConfigurationList = 7F799DA924C9853700526B14 /* Build configuration list for PBXNativeTarget "05-多线程-读写安全" */;
			buildPhases = (
				7F799D8C24C9853500526B14 /* Sources */,
				7F799D8D24C9853500526B14 /* Frameworks */,
				7F799D8E24C9853500526B14 /* Resources */,
			);
			buildRules = (
			);
			dependencies = (
			);
			name = "05-多线程-读写安全";
			productName = "05-多线程-读写安全";
			productReference = 7F799D9024C9853500526B14 /* 05-多线程-读写安全.app */;
			productType = "com.apple.product-type.application";
		};
/* End PBXNativeTarget section */

/* Begin PBXProject section */
		7F799D8824C9853500526B14 /* Project object */ = {
			isa = PBXProject;
			attributes = {
				LastUpgradeCheck = 1140;
				ORGANIZATIONNAME = "wa\b\bngfh";
				TargetAttributes = {
					7F799D8F24C9853500526B14 = {
						CreatedOnToolsVersion = 11.4.1;
					};
				};
			};
			buildConfigurationList = 7F799D8B24C9853500526B14 /* Build configuration list for PBXProject "05-多线程-读写安全" */;
			compatibilityVersion = "Xcode 9.3";
			developmentRegion = en;
			hasScannedForEncodings = 0;
			knownRegions = (
				en,
				Base,
			);
			mainGroup = 7F799D8724C9853500526B14;
			productRefGroup = 7F799D9124C9853500526B14 /* Products */;
			projectDirPath = "";
			projectRoot = "";
			targets = (
				7F799D8F24C9853500526B14 /* 05-多线程-读写安全 */,
			);
		};
/* End PBXProject section */

/* Begin PBXResourcesBuildPhase section */
		7F799D8E24C9853500526B14 /* Resources */ = {
			isa = PBXResourcesBuildPhase;
			buildActionMask = 2147483647;
			files = (
				7F799DB124C9856B00526B14 /* Main.storyboard in Resources */,
				7F799DA324C9853700526B14 /* LaunchScreen.storyboard in Resources */,
				7F799DA024C9853700526B14 /* Assets.xcassets in Resources */,
			);
			runOnlyForDeploymentPostprocessing = 0;
		};
/* End PBXResourcesBuildPhase section */

/* Begin PBXSourcesBuildPhase section */
		7F799D8C24C9853500526B14 /* Sources */ = {
			isa = PBXSourcesBuildPhase;
			buildActionMask = 2147483647;
			files = (
				7F799D9524C9853500526B14 /* AppDelegate.m in Sources */,
				7F799DAE24C9855900526B14 /* RWViewController.m in Sources */,
				7F67753724CFD8E200392232 /* FHPerson.m in Sources */,
				7F799DA624C9853700526B14 /* main.m in Sources */,
				7F799D9824C9853500526B14 /* SceneDelegate.m in Sources */,
			);
			runOnlyForDeploymentPostprocessing = 0;
		};
/* End PBXSourcesBuildPhase section */

/* Begin PBXVariantGroup section */
		7F799DA124C9853700526B14 /* LaunchScreen.storyboard */ = {
			isa = PBXVariantGroup;
			children = (
				7F799DA224C9853700526B14 /* Base */,
			);
			name = LaunchScreen.storyboard;
			sourceTree = "<group>";
		};
		7F799DAF24C9856B00526B14 /* Main.storyboard */ = {
			isa = PBXVariantGroup;
			children = (
				7F799DB024C9856B00526B14 /* Base */,
			);
			name = Main.storyboard;
			sourceTree = "<group>";
		};
/* End PBXVariantGroup section */

/* Begin XCBuildConfiguration section */
		7F799DA724C9853700526B14 /* Debug */ = {
			isa = XCBuildConfiguration;
			buildSettings = {
				ALWAYS_SEARCH_USER_PATHS = NO;
				CLANG_ANALYZER_NONNULL = YES;
				CLANG_ANALYZER_NUMBER_OBJECT_CONVERSION = YES_AGGRESSIVE;
				CLANG_CXX_LANGUAGE_STANDARD = "gnu++14";
				CLANG_CXX_LIBRARY = "libc++";
				CLANG_ENABLE_MODULES = YES;
				CLANG_ENABLE_OBJC_ARC = YES;
				CLANG_ENABLE_OBJC_WEAK = YES;
				CLANG_WARN_BLOCK_CAPTURE_AUTORELEASING = YES;
				CLANG_WARN_BOOL_CONVERSION = YES;
				CLANG_WARN_COMMA = YES;
				CLANG_WARN_CONSTANT_CONVERSION = YES;
				CLANG_WARN_DEPRECATED_OBJC_IMPLEMENTATIONS = YES;
				CLANG_WARN_DIRECT_OBJC_ISA_USAGE = YES_ERROR;
				CLANG_WARN_DOCUMENTATION_COMMENTS = YES;
				CLANG_WARN_EMPTY_BODY = YES;
				CLANG_WARN_ENUM_CONVERSION = YES;
				CLANG_WARN_INFINITE_RECURSION = YES;
				CLANG_WARN_INT_CONVERSION = YES;
				CLANG_WARN_NON_LITERAL_NULL_CONVERSION = YES;
				CLANG_WARN_OBJC_IMPLICIT_RETAIN_SELF = YES;
				CLANG_WARN_OBJC_LITERAL_CONVERSION = YES;
				CLANG_WARN_OBJC_ROOT_CLASS = YES_ERROR;
				CLANG_WARN_RANGE_LOOP_ANALYSIS = YES;
				CLANG_WARN_STRICT_PROTOTYPES = YES;
				CLANG_WARN_SUSPICIOUS_MOVE = YES;
				CLANG_WARN_UNGUARDED_AVAILABILITY = YES_AGGRESSIVE;
				CLANG_WARN_UNREACHABLE_CODE = YES;
				CLANG_WARN__DUPLICATE_METHOD_MATCH = YES;
				COPY_PHASE_STRIP = NO;
				DEBUG_INFORMATION_FORMAT = dwarf;
				ENABLE_STRICT_OBJC_MSGSEND = YES;
				ENABLE_TESTABILITY = YES;
				GCC_C_LANGUAGE_STANDARD = gnu11;
				GCC_DYNAMIC_NO_PIC = NO;
				GCC_NO_COMMON_BLOCKS = YES;
				GCC_OPTIMIZATION_LEVEL = 0;
				GCC_PREPROCESSOR_DEFINITIONS = (
					"DEBUG=1",
					"$(inherited)",
				);
				GCC_WARN_64_TO_32_BIT_CONVERSION = YES;
				GCC_WARN_ABOUT_RETURN_TYPE = YES_ERROR;
				GCC_WARN_UNDECLARED_SELECTOR = YES;
				GCC_WARN_UNINITIALIZED_AUTOS = YES_AGGRESSIVE;
				GCC_WARN_UNUSED_FUNCTION = YES;
				GCC_WARN_UNUSED_VARIABLE = YES;
				IPHONEOS_DEPLOYMENT_TARGET = 13.4;
				MTL_ENABLE_DEBUG_INFO = INCLUDE_SOURCE;
				MTL_FAST_MATH = YES;
				ONLY_ACTIVE_ARCH = YES;
				SDKROOT = iphoneos;
			};
			name = Debug;
		};
		7F799DA824C9853700526B14 /* Release */ = {
			isa = XCBuildConfiguration;
			buildSettings = {
				ALWAYS_SEARCH_USER_PATHS = NO;
				CLANG_ANALYZER_NONNULL = YES;
				CLANG_ANALYZER_NUMBER_OBJECT_CONVERSION = YES_AGGRESSIVE;
				CLANG_CXX_LANGUAGE_STANDARD = "gnu++14";
				CLANG_CXX_LIBRARY = "libc++";
				CLANG_ENABLE_MODULES = YES;
				CLANG_ENABLE_OBJC_ARC = YES;
				CLANG_ENABLE_OBJC_WEAK = YES;
				CLANG_WARN_BLOCK_CAPTURE_AUTORELEASING = YES;
				CLANG_WARN_BOOL_CONVERSION = YES;
				CLANG_WARN_COMMA = YES;
				CLANG_WARN_CONSTANT_CONVERSION = YES;
				CLANG_WARN_DEPRECATED_OBJC_IMPLEMENTATIONS = YES;
				CLANG_WARN_DIRECT_OBJC_ISA_USAGE = YES_ERROR;
				CLANG_WARN_DOCUMENTATION_COMMENTS = YES;
				CLANG_WARN_EMPTY_BODY = YES;
				CLANG_WARN_ENUM_CONVERSION = YES;
				CLANG_WARN_INFINITE_RECURSION = YES;
				CLANG_WARN_INT_CONVERSION = YES;
				CLANG_WARN_NON_LITERAL_NULL_CONVERSION = YES;
				CLANG_WARN_OBJC_IMPLICIT_RETAIN_SELF = YES;
				CLANG_WARN_OBJC_LITERAL_CONVERSION = YES;
				CLANG_WARN_OBJC_ROOT_CLASS = YES_ERROR;
				CLANG_WARN_RANGE_LOOP_ANALYSIS = YES;
				CLANG_WARN_STRICT_PROTOTYPES = YES;
				CLANG_WARN_SUSPICIOUS_MOVE = YES;
				CLANG_WARN_UNGUARDED_AVAILABILITY = YES_AGGRESSIVE;
				CLANG_WARN_UNREACHABLE_CODE = YES;
				CLANG_WARN__DUPLICATE_METHOD_MATCH = YES;
				COPY_PHASE_STRIP = NO;
				DEBUG_INFORMATION_FORMAT = "dwarf-with-dsym";
				ENABLE_NS_ASSERTIONS = NO;
				ENABLE_STRICT_OBJC_MSGSEND = YES;
				GCC_C_LANGUAGE_STANDARD = gnu11;
				GCC_NO_COMMON_BLOCKS = YES;
				GCC_WARN_64_TO_32_BIT_CONVERSION = YES;
				GCC_WARN_ABOUT_RETURN_TYPE = YES_ERROR;
				GCC_WARN_UNDECLARED_SELECTOR = YES;
				GCC_WARN_UNINITIALIZED_AUTOS = YES_AGGRESSIVE;
				GCC_WARN_UNUSED_FUNCTION = YES;
				GCC_WARN_UNUSED_VARIABLE = YES;
				IPHONEOS_DEPLOYMENT_TARGET = 13.4;
				MTL_ENABLE_DEBUG_INFO = NO;
				MTL_FAST_MATH = YES;
				SDKROOT = iphoneos;
				VALIDATE_PRODUCT = YES;
			};
			name = Release;
		};
		7F799DAA24C9853700526B14 /* Debug */ = {
			isa = XCBuildConfiguration;
			buildSettings = {
				ASSETCATALOG_COMPILER_APPICON_NAME = AppIcon;
				CODE_SIGN_STYLE = Automatic;
				INFOPLIST_FILE = "05-多线程-读写安全/Info.plist";
				LD_RUNPATH_SEARCH_PATHS = (
					"$(inherited)",
					"@executable_path/Frameworks",
				);
				PRODUCT_BUNDLE_IDENTIFIER = "com.dongyin.-5---------";
				PRODUCT_NAME = "$(TARGET_NAME)";
				TARGETED_DEVICE_FAMILY = "1,2";
			};
			name = Debug;
		};
		7F799DAB24C9853700526B14 /* Release */ = {
			isa = XCBuildConfiguration;
			buildSettings = {
				ASSETCATALOG_COMPILER_APPICON_NAME = AppIcon;
				CODE_SIGN_STYLE = Automatic;
				INFOPLIST_FILE = "05-多线程-读写安全/Info.plist";
				LD_RUNPATH_SEARCH_PATHS = (
					"$(inherited)",
					"@executable_path/Frameworks",
				);
				PRODUCT_BUNDLE_IDENTIFIER = "com.dongyin.-5---------";
				PRODUCT_NAME = "$(TARGET_NAME)";
				TARGETED_DEVICE_FAMILY = "1,2";
			};
			name = Release;
		};
/* End XCBuildConfiguration section */

/* Begin XCConfigurationList section */
		7F799D8B24C9853500526B14 /* Build configuration list for PBXProject "05-多线程-读写安全" */ = {
			isa = XCConfigurationList;
			buildConfigurations = (
				7F799DA724C9853700526B14 /* Debug */,
				7F799DA824C9853700526B14 /* Release */,
			);
			defaultConfigurationIsVisible = 0;
			defaultConfigurationName = Release;
		};
		7F799DA924C9853700526B14 /* Build configuration list for PBXNativeTarget "05-多线程-读写安全" */ = {
			isa = XCConfigurationList;
			buildConfigurations = (
				7F799DAA24C9853700526B14 /* Debug */,
				7F799DAB24C9853700526B14 /* Release */,
			);
			defaultConfigurationIsVisible = 0;
			defaultConfigurationName = Release;
		};
/* End XCConfigurationList section */
	};
	rootObject = 7F799D8824C9853500526B14 /* Project object */;
}
