// !$*UTF8*$!
{
	archiveVersion = 1;
	classes = {
	};
	objectVersion = 50;
	objects = {

/* Begin PBXBuildFile section */
		7F799E8A24C987B200526B14 /* AppDelegate.m in Sources */ = {isa = PBXBuildFile; fileRef = 7F799E8924C987B200526B14 /* AppDelegate.m */; };
		7F799E8D24C987B200526B14 /* SceneDelegate.m in Sources */ = {isa = PBXBuildFile; fileRef = 7F799E8C24C987B200526B14 /* SceneDelegate.m */; };
		7F799E9324C987B200526B14 /* Main.storyboard in Resources */ = {isa = PBXBuildFile; fileRef = 7F799E9124C987B200526B14 /* Main.storyboard */; };
		7F799E9524C987B400526B14 /* Assets.xcassets in Resources */ = {isa = PBXBuildFile; fileRef = 7F799E9424C987B400526B14 /* Assets.xcassets */; };
		7F799E9824C987B400526B14 /* LaunchScreen.storyboard in Resources */ = {isa = PBXBuildFile; fileRef = 7F799E9624C987B400526B14 /* LaunchScreen.storyboard */; };
		7F799E9B24C987B400526B14 /* main.m in Sources */ = {isa = PBXBuildFile; fileRef = 7F799E9A24C987B400526B14 /* main.m */; };
		7F799EA924C987DC00526B14 /* FHApp.m in Sources */ = {isa = PBXBuildFile; fileRef = 7F799EA124C987DB00526B14 /* FHApp.m */; };
		7F799EAA24C987DC00526B14 /* ViewController.m in Sources */ = {isa = PBXBuildFile; fileRef = 7F799EA224C987DB00526B14 /* ViewController.m */; };
		7F799EAB24C987DC00526B14 /* FHAppView.m in Sources */ = {isa = PBXBuildFile; fileRef = 7F799EA524C987DB00526B14 /* FHAppView.m */; };
		7F799EAC24C987DC00526B14 /* FHAppPresenter.m in Sources */ = {isa = PBXBuildFile; fileRef = 7F799EA824C987DC00526B14 /* FHAppPresenter.m */; };
/* End PBXBuildFile section */

/* Begin PBXFileReference section */
		7F799E8524C987B200526B14 /* 01-MVP.app */ = {isa = PBXFileReference; explicitFileType = wrapper.application; includeInIndex = 0; path = "01-MVP.app"; sourceTree = BUILT_PRODUCTS_DIR; };
		7F799E8824C987B200526B14 /* AppDelegate.h */ = {isa = PBXFileReference; lastKnownFileType = sourcecode.c.h; path = AppDelegate.h; sourceTree = "<group>"; };
		7F799E8924C987B200526B14 /* AppDelegate.m */ = {isa = PBXFileReference; lastKnownFileType = sourcecode.c.objc; path = AppDelegate.m; sourceTree = "<group>"; };
		7F799E8B24C987B200526B14 /* SceneDelegate.h */ = {isa = PBXFileReference; lastKnownFileType = sourcecode.c.h; path = SceneDelegate.h; sourceTree = "<group>"; };
		7F799E8C24C987B200526B14 /* SceneDelegate.m */ = {isa = PBXFileReference; lastKnownFileType = sourcecode.c.objc; path = SceneDelegate.m; sourceTree = "<group>"; };
		7F799E9224C987B200526B14 /* Base */ = {isa = PBXFileReference; lastKnownFileType = file.storyboard; name = Base; path = Base.lproj/Main.storyboard; sourceTree = "<group>"; };
		7F799E9424C987B400526B14 /* Assets.xcassets */ = {isa = PBXFileReference; lastKnownFileType = folder.assetcatalog; path = Assets.xcassets; sourceTree = "<group>"; };
		7F799E9724C987B400526B14 /* Base */ = {isa = PBXFileReference; lastKnownFileType = file.storyboard; name = Base; path = Base.lproj/LaunchScreen.storyboard; sourceTree = "<group>"; };
		7F799E9924C987B400526B14 /* Info.plist */ = {isa = PBXFileReference; lastKnownFileType = text.plist.xml; path = Info.plist; sourceTree = "<group>"; };
		7F799E9A24C987B400526B14 /* main.m */ = {isa = PBXFileReference; lastKnownFileType = sourcecode.c.objc; path = main.m; sourceTree = "<group>"; };
		7F799EA124C987DB00526B14 /* FHApp.m */ = {isa = PBXFileReference; fileEncoding = 4; lastKnownFileType = sourcecode.c.objc; path = FHApp.m; sourceTree = "<group>"; };
		7F799EA224C987DB00526B14 /* ViewController.m */ = {isa = PBXFileReference; fileEncoding = 4; lastKnownFileType = sourcecode.c.objc; path = ViewController.m; sourceTree = "<group>"; };
		7F799EA324C987DB00526B14 /* FHApp.h */ = {isa = PBXFileReference; fileEncoding = 4; lastKnownFileType = sourcecode.c.h; path = FHApp.h; sourceTree = "<group>"; };
		7F799EA424C987DB00526B14 /* ViewController.h */ = {isa = PBXFileReference; fileEncoding = 4; lastKnownFileType = sourcecode.c.h; path = ViewController.h; sourceTree = "<group>"; };
		7F799EA524C987DB00526B14 /* FHAppView.m */ = {isa = PBXFileReference; fileEncoding = 4; lastKnownFileType = sourcecode.c.objc; path = FHAppView.m; sourceTree = "<group>"; };
		7F799EA624C987DC00526B14 /* FHAppPresenter.h */ = {isa = PBXFileReference; fileEncoding = 4; lastKnownFileType = sourcecode.c.h; path = FHAppPresenter.h; sourceTree = "<group>"; };
		7F799EA724C987DC00526B14 /* FHAppView.h */ = {isa = PBXFileReference; fileEncoding = 4; lastKnownFileType = sourcecode.c.h; path = FHAppView.h; sourceTree = "<group>"; };
		7F799EA824C987DC00526B14 /* FHAppPresenter.m */ = {isa = PBXFileReference; fileEncoding = 4; lastKnownFileType = sourcecode.c.objc; path = FHAppPresenter.m; sourceTree = "<group>"; };
/* End PBXFileReference section */

/* Begin PBXFrameworksBuildPhase section */
		7F799E8224C987B200526B14 /* Frameworks */ = {
			isa = PBXFrameworksBuildPhase;
			buildActionMask = 2147483647;
			files = (
			);
			runOnlyForDeploymentPostprocessing = 0;
		};
/* End PBXFrameworksBuildPhase section */

/* Begin PBXGroup section */
		7F799E7C24C987B200526B14 = {
			isa = PBXGroup;
			children = (
				7F799E8724C987B200526B14 /* 01-MVP */,
				7F799E8624C987B200526B14 /* Products */,
			);
			sourceTree = "<group>";
		};
		7F799E8624C987B200526B14 /* Products */ = {
			isa = PBXGroup;
			children = (
				7F799E8524C987B200526B14 /* 01-MVP.app */,
			);
			name = Products;
			sourceTree = "<group>";
		};
		7F799E8724C987B200526B14 /* 01-MVP */ = {
			isa = PBXGroup;
			children = (
				7F799EA324C987DB00526B14 /* FHApp.h */,
				7F799EA124C987DB00526B14 /* FHApp.m */,
				7F799EA624C987DC00526B14 /* FHAppPresenter.h */,
				7F799EA824C987DC00526B14 /* FHAppPresenter.m */,
				7F799EA724C987DC00526B14 /* FHAppView.h */,
				7F799EA524C987DB00526B14 /* FHAppView.m */,
				7F799EA424C987DB00526B14 /* ViewController.h */,
				7F799EA224C987DB00526B14 /* ViewController.m */,
				7F799E8824C987B200526B14 /* AppDelegate.h */,
				7F799E8924C987B200526B14 /* AppDelegate.m */,
				7F799E8B24C987B200526B14 /* SceneDelegate.h */,
				7F799E8C24C987B200526B14 /* SceneDelegate.m */,
				7F799E9124C987B200526B14 /* Main.storyboard */,
				7F799E9424C987B400526B14 /* Assets.xcassets */,
				7F799E9624C987B400526B14 /* LaunchScreen.storyboard */,
				7F799E9924C987B400526B14 /* Info.plist */,
				7F799E9A24C987B400526B14 /* main.m */,
			);
			path = "01-MVP";
			sourceTree = "<group>";
		};
/* End PBXGroup section */

/* Begin PBXNativeTarget section */
		7F799E8424C987B200526B14 /* 01-MVP */ = {
			isa = PBXNativeTarget;
			buildConfigurationList = 7F799E9E24C987B400526B14 /* Build configuration list for PBXNativeTarget "01-MVP" */;
			buildPhases = (
				7F799E8124C987B200526B14 /* Sources */,
				7F799E8224C987B200526B14 /* Frameworks */,
				7F799E8324C987B200526B14 /* Resources */,
			);
			buildRules = (
			);
			dependencies = (
			);
			name = "01-MVP";
			productName = "01-MVP";
			productReference = 7F799E8524C987B200526B14 /* 01-MVP.app */;
			productType = "com.apple.product-type.application";
		};
/* End PBXNativeTarget section */

/* Begin PBXProject section */
		7F799E7D24C987B200526B14 /* Project object */ = {
			isa = PBXProject;
			attributes = {
				LastUpgradeCheck = 1140;
				ORGANIZATIONNAME = "wa\b\bngfh";
				TargetAttributes = {
					7F799E8424C987B200526B14 = {
						CreatedOnToolsVersion = 11.4.1;
					};
				};
			};
			buildConfigurationList = 7F799E8024C987B200526B14 /* Build configuration list for PBXProject "01-MVP" */;
			compatibilityVersion = "Xcode 9.3";
			developmentRegion = en;
			hasScannedForEncodings = 0;
			knownRegions = (
				en,
				Base,
			);
			mainGroup = 7F799E7C24C987B200526B14;
			productRefGroup = 7F799E8624C987B200526B14 /* Products */;
			projectDirPath = "";
			projectRoot = "";
			targets = (
				7F799E8424C987B200526B14 /* 01-MVP */,
			);
		};
/* End PBXProject section */

/* Begin PBXResourcesBuildPhase section */
		7F799E8324C987B200526B14 /* Resources */ = {
			isa = PBXResourcesBuildPhase;
			buildActionMask = 2147483647;
			files = (
				7F799E9824C987B400526B14 /* LaunchScreen.storyboard in Resources */,
				7F799E9524C987B400526B14 /* Assets.xcassets in Resources */,
				7F799E9324C987B200526B14 /* Main.storyboard in Resources */,
			);
			runOnlyForDeploymentPostprocessing = 0;
		};
/* End PBXResourcesBuildPhase section */

/* Begin PBXSourcesBuildPhase section */
		7F799E8124C987B200526B14 /* Sources */ = {
			isa = PBXSourcesBuildPhase;
			buildActionMask = 2147483647;
			files = (
				7F799E8A24C987B200526B14 /* AppDelegate.m in Sources */,
				7F799EA924C987DC00526B14 /* FHApp.m in Sources */,
				7F799EAB24C987DC00526B14 /* FHAppView.m in Sources */,
				7F799EAC24C987DC00526B14 /* FHAppPresenter.m in Sources */,
				7F799E9B24C987B400526B14 /* main.m in Sources */,
				7F799E8D24C987B200526B14 /* SceneDelegate.m in Sources */,
				7F799EAA24C987DC00526B14 /* ViewController.m in Sources */,
			);
			runOnlyForDeploymentPostprocessing = 0;
		};
/* End PBXSourcesBuildPhase section */

/* Begin PBXVariantGroup section */
		7F799E9124C987B200526B14 /* Main.storyboard */ = {
			isa = PBXVariantGroup;
			children = (
				7F799E9224C987B200526B14 /* Base */,
			);
			name = Main.storyboard;
			sourceTree = "<group>";
		};
		7F799E9624C987B400526B14 /* LaunchScreen.storyboard */ = {
			isa = PBXVariantGroup;
			children = (
				7F799E9724C987B400526B14 /* Base */,
			);
			name = LaunchScreen.storyboard;
			sourceTree = "<group>";
		};
/* End PBXVariantGroup section */

/* Begin XCBuildConfiguration section */
		7F799E9C24C987B400526B14 /* Debug */ = {
			isa = XCBuildConfiguration;
			buildSettings = {
				ALWAYS_SEARCH_USER_PATHS = NO;
				CLANG_ANALYZER_NONNULL = YES;
				CLANG_ANALYZER_NUMBER_OBJECT_CONVERSION = YES_AGGRESSIVE;
				CLANG_CXX_LANGUAGE_STANDARD = "gnu++14";
				CLANG_CXX_LIBRARY = "libc++";
				CLANG_ENABLE_MODULES = YES;
				CLANG_ENABLE_OBJC_ARC = YES;
				CLANG_ENABLE_OBJC_WEAK = YES;
				CLANG_WARN_BLOCK_CAPTURE_AUTORELEASING = YES;
				CLANG_WARN_BOOL_CONVERSION = YES;
				CLANG_WARN_COMMA = YES;
				CLANG_WARN_CONSTANT_CONVERSION = YES;
				CLANG_WARN_DEPRECATED_OBJC_IMPLEMENTATIONS = YES;
				CLANG_WARN_DIRECT_OBJC_ISA_USAGE = YES_ERROR;
				CLANG_WARN_DOCUMENTATION_COMMENTS = YES;
				CLANG_WARN_EMPTY_BODY = YES;
				CLANG_WARN_ENUM_CONVERSION = YES;
				CLANG_WARN_INFINITE_RECURSION = YES;
				CLANG_WARN_INT_CONVERSION = YES;
				CLANG_WARN_NON_LITERAL_NULL_CONVERSION = YES;
				CLANG_WARN_OBJC_IMPLICIT_RETAIN_SELF = YES;
				CLANG_WARN_OBJC_LITERAL_CONVERSION = YES;
				CLANG_WARN_OBJC_ROOT_CLASS = YES_ERROR;
				CLANG_WARN_RANGE_LOOP_ANALYSIS = YES;
				CLANG_WARN_STRICT_PROTOTYPES = YES;
				CLANG_WARN_SUSPICIOUS_MOVE = YES;
				CLANG_WARN_UNGUARDED_AVAILABILITY = YES_AGGRESSIVE;
				CLANG_WARN_UNREACHABLE_CODE = YES;
				CLANG_WARN__DUPLICATE_METHOD_MATCH = YES;
				COPY_PHASE_STRIP = NO;
				DEBUG_INFORMATION_FORMAT = dwarf;
				ENABLE_STRICT_OBJC_MSGSEND = YES;
				ENABLE_TESTABILITY = YES;
				GCC_C_LANGUAGE_STANDARD = gnu11;
				GCC_DYNAMIC_NO_PIC = NO;
				GCC_NO_COMMON_BLOCKS = YES;
				GCC_OPTIMIZATION_LEVEL = 0;
				GCC_PREPROCESSOR_DEFINITIONS = (
					"DEBUG=1",
					"$(inherited)",
				);
				GCC_WARN_64_TO_32_BIT_CONVERSION = YES;
				GCC_WARN_ABOUT_RETURN_TYPE = YES_ERROR;
				GCC_WARN_UNDECLARED_SELECTOR = YES;
				GCC_WARN_UNINITIALIZED_AUTOS = YES_AGGRESSIVE;
				GCC_WARN_UNUSED_FUNCTION = YES;
				GCC_WARN_UNUSED_VARIABLE = YES;
				IPHONEOS_DEPLOYMENT_TARGET = 13.4;
				MTL_ENABLE_DEBUG_INFO = INCLUDE_SOURCE;
				MTL_FAST_MATH = YES;
				ONLY_ACTIVE_ARCH = YES;
				SDKROOT = iphoneos;
			};
			name = Debug;
		};
		7F799E9D24C987B400526B14 /* Release */ = {
			isa = XCBuildConfiguration;
			buildSettings = {
				ALWAYS_SEARCH_USER_PATHS = NO;
				CLANG_ANALYZER_NONNULL = YES;
				CLANG_ANALYZER_NUMBER_OBJECT_CONVERSION = YES_AGGRESSIVE;
				CLANG_CXX_LANGUAGE_STANDARD = "gnu++14";
				CLANG_CXX_LIBRARY = "libc++";
				CLANG_ENABLE_MODULES = YES;
				CLANG_ENABLE_OBJC_ARC = YES;
				CLANG_ENABLE_OBJC_WEAK = YES;
				CLANG_WARN_BLOCK_CAPTURE_AUTORELEASING = YES;
				CLANG_WARN_BOOL_CONVERSION = YES;
				CLANG_WARN_COMMA = YES;
				CLANG_WARN_CONSTANT_CONVERSION = YES;
				CLANG_WARN_DEPRECATED_OBJC_IMPLEMENTATIONS = YES;
				CLANG_WARN_DIRECT_OBJC_ISA_USAGE = YES_ERROR;
				CLANG_WARN_DOCUMENTATION_COMMENTS = YES;
				CLANG_WARN_EMPTY_BODY = YES;
				CLANG_WARN_ENUM_CONVERSION = YES;
				CLANG_WARN_INFINITE_RECURSION = YES;
				CLANG_WARN_INT_CONVERSION = YES;
				CLANG_WARN_NON_LITERAL_NULL_CONVERSION = YES;
				CLANG_WARN_OBJC_IMPLICIT_RETAIN_SELF = YES;
				CLANG_WARN_OBJC_LITERAL_CONVERSION = YES;
				CLANG_WARN_OBJC_ROOT_CLASS = YES_ERROR;
				CLANG_WARN_RANGE_LOOP_ANALYSIS = YES;
				CLANG_WARN_STRICT_PROTOTYPES = YES;
				CLANG_WARN_SUSPICIOUS_MOVE = YES;
				CLANG_WARN_UNGUARDED_AVAILABILITY = YES_AGGRESSIVE;
				CLANG_WARN_UNREACHABLE_CODE = YES;
				CLANG_WARN__DUPLICATE_METHOD_MATCH = YES;
				COPY_PHASE_STRIP = NO;
				DEBUG_INFORMATION_FORMAT = "dwarf-with-dsym";
				ENABLE_NS_ASSERTIONS = NO;
				ENABLE_STRICT_OBJC_MSGSEND = YES;
				GCC_C_LANGUAGE_STANDARD = gnu11;
				GCC_NO_COMMON_BLOCKS = YES;
				GCC_WARN_64_TO_32_BIT_CONVERSION = YES;
				GCC_WARN_ABOUT_RETURN_TYPE = YES_ERROR;
				GCC_WARN_UNDECLARED_SELECTOR = YES;
				GCC_WARN_UNINITIALIZED_AUTOS = YES_AGGRESSIVE;
				GCC_WARN_UNUSED_FUNCTION = YES;
				GCC_WARN_UNUSED_VARIABLE = YES;
				IPHONEOS_DEPLOYMENT_TARGET = 13.4;
				MTL_ENABLE_DEBUG_INFO = NO;
				MTL_FAST_MATH = YES;
				SDKROOT = iphoneos;
				VALIDATE_PRODUCT = YES;
			};
			name = Release;
		};
		7F799E9F24C987B400526B14 /* Debug */ = {
			isa = XCBuildConfiguration;
			buildSettings = {
				ASSETCATALOG_COMPILER_APPICON_NAME = AppIcon;
				CODE_SIGN_STYLE = Automatic;
				INFOPLIST_FILE = "01-MVP/Info.plist";
				LD_RUNPATH_SEARCH_PATHS = (
					"$(inherited)",
					"@executable_path/Frameworks",
				);
				PRODUCT_BUNDLE_IDENTIFIER = "com.dongyin.-1-MVP";
				PRODUCT_NAME = "$(TARGET_NAME)";
				TARGETED_DEVICE_FAMILY = "1,2";
			};
			name = Debug;
		};
		7F799EA024C987B400526B14 /* Release */ = {
			isa = XCBuildConfiguration;
			buildSettings = {
				ASSETCATALOG_COMPILER_APPICON_NAME = AppIcon;
				CODE_SIGN_STYLE = Automatic;
				INFOPLIST_FILE = "01-MVP/Info.plist";
				LD_RUNPATH_SEARCH_PATHS = (
					"$(inherited)",
					"@executable_path/Frameworks",
				);
				PRODUCT_BUNDLE_IDENTIFIER = "com.dongyin.-1-MVP";
				PRODUCT_NAME = "$(TARGET_NAME)";
				TARGETED_DEVICE_FAMILY = "1,2";
			};
			name = Release;
		};
/* End XCBuildConfiguration section */

/* Begin XCConfigurationList section */
		7F799E8024C987B200526B14 /* Build configuration list for PBXProject "01-MVP" */ = {
			isa = XCConfigurationList;
			buildConfigurations = (
				7F799E9C24C987B400526B14 /* Debug */,
				7F799E9D24C987B400526B14 /* Release */,
			);
			defaultConfigurationIsVisible = 0;
			defaultConfigurationName = Release;
		};
		7F799E9E24C987B400526B14 /* Build configuration list for PBXNativeTarget "01-MVP" */ = {
			isa = XCConfigurationList;
			buildConfigurations = (
				7F799E9F24C987B400526B14 /* Debug */,
				7F799EA024C987B400526B14 /* Release */,
			);
			defaultConfigurationIsVisible = 0;
			defaultConfigurationName = Release;
		};
/* End XCConfigurationList section */
	};
	rootObject = 7F799E7D24C987B200526B14 /* Project object */;
}
