// !$*UTF8*$!
{
	archiveVersion = 1;
	classes = {
	};
	objectVersion = 50;
	objects = {

/* Begin PBXBuildFile section */
		7FA9A6E320F5AAE0007B97E4 /* main.m in Sources */ = {isa = PBXBuildFile; fileRef = 7FA9A6E220F5AAE0007B97E4 /* main.m */; };
		7FA9A71A20F6F44E007B97E4 /* main.m in Sources */ = {isa = PBXBuildFile; fileRef = 7FA9A71920F6F44E007B97E4 /* main.m */; };
		7FA9A72020F6FBB8007B97E4 /* NSObject+Test.m in Sources */ = {isa = PBXBuildFile; fileRef = 7FA9A71F20F6FBB8007B97E4 /* NSObject+Test.m */; };
		7FA9A73720F72525007B97E4 /* AppDelegate.m in Sources */ = {isa = PBXBuildFile; fileRef = 7FA9A73620F72525007B97E4 /* AppDelegate.m */; };
		7FA9A73A20F72525007B97E4 /* ViewController.m in Sources */ = {isa = PBXBuildFile; fileRef = 7FA9A73920F72525007B97E4 /* ViewController.m */; };
		7FA9A73D20F72525007B97E4 /* Main.storyboard in Resources */ = {isa = PBXBuildFile; fileRef = 7FA9A73B20F72525007B97E4 /* Main.storyboard */; };
		7FA9A73F20F72526007B97E4 /* Assets.xcassets in Resources */ = {isa = PBXBuildFile; fileRef = 7FA9A73E20F72526007B97E4 /* Assets.xcassets */; };
		7FA9A74220F72526007B97E4 /* LaunchScreen.storyboard in Resources */ = {isa = PBXBuildFile; fileRef = 7FA9A74020F72526007B97E4 /* LaunchScreen.storyboard */; };
		7FA9A74520F72526007B97E4 /* main.m in Sources */ = {isa = PBXBuildFile; fileRef = 7FA9A74420F72526007B97E4 /* main.m */; };
		7FA9A74920F72549007B97E4 /* FHPerson.m in Sources */ = {isa = PBXBuildFile; fileRef = 7FA9A72D20F723D6007B97E4 /* FHPerson.m */; };
		7FA9A74C20F72E7A007B97E4 /* NSKVONotifying_FHPerson.m in Sources */ = {isa = PBXBuildFile; fileRef = 7FA9A74B20F72E7A007B97E4 /* NSKVONotifying_FHPerson.m */; };
		7FBB173620F48850001A7577 /* main.m in Sources */ = {isa = PBXBuildFile; fileRef = 7FBB173520F48850001A7577 /* main.m */; };
		8DE0A0A820FB3A80004CA173 /* AppDelegate.m in Sources */ = {isa = PBXBuildFile; fileRef = 8DE0A0A720FB3A80004CA173 /* AppDelegate.m */; };
		8DE0A0AB20FB3A80004CA173 /* ViewController.m in Sources */ = {isa = PBXBuildFile; fileRef = 8DE0A0AA20FB3A80004CA173 /* ViewController.m */; };
		8DE0A0AE20FB3A80004CA173 /* Main.storyboard in Resources */ = {isa = PBXBuildFile; fileRef = 8DE0A0AC20FB3A80004CA173 /* Main.storyboard */; };
		8DE0A0B020FB3A82004CA173 /* Assets.xcassets in Resources */ = {isa = PBXBuildFile; fileRef = 8DE0A0AF20FB3A82004CA173 /* Assets.xcassets */; };
		8DE0A0B320FB3A82004CA173 /* LaunchScreen.storyboard in Resources */ = {isa = PBXBuildFile; fileRef = 8DE0A0B120FB3A82004CA173 /* LaunchScreen.storyboard */; };
		8DE0A0B620FB3A82004CA173 /* main.m in Sources */ = {isa = PBXBuildFile; fileRef = 8DE0A0B520FB3A82004CA173 /* main.m */; };
		8DE0A0BF20FB3AEB004CA173 /* FHPerson.m in Sources */ = {isa = PBXBuildFile; fileRef = 8DE0A0BE20FB3AEB004CA173 /* FHPerson.m */; };
/* End PBXBuildFile section */

/* Begin PBXCopyFilesBuildPhase section */
		7FA9A6DE20F5AAE0007B97E4 /* CopyFiles */ = {
			isa = PBXCopyFilesBuildPhase;
			buildActionMask = 2147483647;
			dstPath = /usr/share/man/man1/;
			dstSubfolderSpec = 0;
			files = (
			);
			runOnlyForDeploymentPostprocessing = 1;
		};
		7FA9A71520F6F44E007B97E4 /* CopyFiles */ = {
			isa = PBXCopyFilesBuildPhase;
			buildActionMask = 2147483647;
			dstPath = /usr/share/man/man1/;
			dstSubfolderSpec = 0;
			files = (
			);
			runOnlyForDeploymentPostprocessing = 1;
		};
		7FBB173120F48850001A7577 /* CopyFiles */ = {
			isa = PBXCopyFilesBuildPhase;
			buildActionMask = 2147483647;
			dstPath = /usr/share/man/man1/;
			dstSubfolderSpec = 0;
			files = (
			);
			runOnlyForDeploymentPostprocessing = 1;
		};
/* End PBXCopyFilesBuildPhase section */

/* Begin PBXFileReference section */
		7FA9A6E020F5AAE0007B97E4 /* 02-OC对象-class对象 */ = {isa = PBXFileReference; explicitFileType = "compiled.mach-o.executable"; includeInIndex = 0; path = "02-OC对象-class对象"; sourceTree = BUILT_PRODUCTS_DIR; };
		7FA9A6E220F5AAE0007B97E4 /* main.m */ = {isa = PBXFileReference; lastKnownFileType = sourcecode.c.objc; path = main.m; sourceTree = "<group>"; };
		7FA9A71720F6F44E007B97E4 /* 03-OC对象-探究方法的调用 */ = {isa = PBXFileReference; explicitFileType = "compiled.mach-o.executable"; includeInIndex = 0; path = "03-OC对象-探究方法的调用"; sourceTree = BUILT_PRODUCTS_DIR; };
		7FA9A71920F6F44E007B97E4 /* main.m */ = {isa = PBXFileReference; lastKnownFileType = sourcecode.c.objc; path = main.m; sourceTree = "<group>"; };
		7FA9A71E20F6FBB8007B97E4 /* NSObject+Test.h */ = {isa = PBXFileReference; lastKnownFileType = sourcecode.c.h; path = "NSObject+Test.h"; sourceTree = "<group>"; };
		7FA9A71F20F6FBB8007B97E4 /* NSObject+Test.m */ = {isa = PBXFileReference; lastKnownFileType = sourcecode.c.objc; path = "NSObject+Test.m"; sourceTree = "<group>"; };
		7FA9A72C20F723D6007B97E4 /* FHPerson.h */ = {isa = PBXFileReference; lastKnownFileType = sourcecode.c.h; path = FHPerson.h; sourceTree = "<group>"; };
		7FA9A72D20F723D6007B97E4 /* FHPerson.m */ = {isa = PBXFileReference; lastKnownFileType = sourcecode.c.objc; path = FHPerson.m; sourceTree = "<group>"; };
		7FA9A73320F72525007B97E4 /* 04-KVO底层.app */ = {isa = PBXFileReference; explicitFileType = wrapper.application; includeInIndex = 0; path = "04-KVO底层.app"; sourceTree = BUILT_PRODUCTS_DIR; };
		7FA9A73520F72525007B97E4 /* AppDelegate.h */ = {isa = PBXFileReference; lastKnownFileType = sourcecode.c.h; path = AppDelegate.h; sourceTree = "<group>"; };
		7FA9A73620F72525007B97E4 /* AppDelegate.m */ = {isa = PBXFileReference; lastKnownFileType = sourcecode.c.objc; path = AppDelegate.m; sourceTree = "<group>"; };
		7FA9A73820F72525007B97E4 /* ViewController.h */ = {isa = PBXFileReference; lastKnownFileType = sourcecode.c.h; path = ViewController.h; sourceTree = "<group>"; };
		7FA9A73920F72525007B97E4 /* ViewController.m */ = {isa = PBXFileReference; lastKnownFileType = sourcecode.c.objc; path = ViewController.m; sourceTree = "<group>"; };
		7FA9A73C20F72525007B97E4 /* Base */ = {isa = PBXFileReference; lastKnownFileType = file.storyboard; name = Base; path = Base.lproj/Main.storyboard; sourceTree = "<group>"; };
		7FA9A73E20F72526007B97E4 /* Assets.xcassets */ = {isa = PBXFileReference; lastKnownFileType = folder.assetcatalog; path = Assets.xcassets; sourceTree = "<group>"; };
		7FA9A74120F72526007B97E4 /* Base */ = {isa = PBXFileReference; lastKnownFileType = file.storyboard; name = Base; path = Base.lproj/LaunchScreen.storyboard; sourceTree = "<group>"; };
		7FA9A74320F72526007B97E4 /* Info.plist */ = {isa = PBXFileReference; lastKnownFileType = text.plist.xml; path = Info.plist; sourceTree = "<group>"; };
		7FA9A74420F72526007B97E4 /* main.m */ = {isa = PBXFileReference; lastKnownFileType = sourcecode.c.objc; path = main.m; sourceTree = "<group>"; };
		7FA9A74A20F72E7A007B97E4 /* NSKVONotifying_FHPerson.h */ = {isa = PBXFileReference; lastKnownFileType = sourcecode.c.h; path = NSKVONotifying_FHPerson.h; sourceTree = "<group>"; };
		7FA9A74B20F72E7A007B97E4 /* NSKVONotifying_FHPerson.m */ = {isa = PBXFileReference; lastKnownFileType = sourcecode.c.objc; path = NSKVONotifying_FHPerson.m; sourceTree = "<group>"; };
		7FBB173320F48850001A7577 /* 01-OC对象 */ = {isa = PBXFileReference; explicitFileType = "compiled.mach-o.executable"; includeInIndex = 0; path = "01-OC对象"; sourceTree = BUILT_PRODUCTS_DIR; };
		7FBB173520F48850001A7577 /* main.m */ = {isa = PBXFileReference; lastKnownFileType = sourcecode.c.objc; path = main.m; sourceTree = "<group>"; };
		8DE0A0A420FB3A80004CA173 /* 05-KVC底层.app */ = {isa = PBXFileReference; explicitFileType = wrapper.application; includeInIndex = 0; path = "05-KVC底层.app"; sourceTree = BUILT_PRODUCTS_DIR; };
		8DE0A0A620FB3A80004CA173 /* AppDelegate.h */ = {isa = PBXFileReference; lastKnownFileType = sourcecode.c.h; path = AppDelegate.h; sourceTree = "<group>"; };
		8DE0A0A720FB3A80004CA173 /* AppDelegate.m */ = {isa = PBXFileReference; lastKnownFileType = sourcecode.c.objc; path = AppDelegate.m; sourceTree = "<group>"; };
		8DE0A0A920FB3A80004CA173 /* ViewController.h */ = {isa = PBXFileReference; lastKnownFileType = sourcecode.c.h; path = ViewController.h; sourceTree = "<group>"; };
		8DE0A0AA20FB3A80004CA173 /* ViewController.m */ = {isa = PBXFileReference; lastKnownFileType = sourcecode.c.objc; path = ViewController.m; sourceTree = "<group>"; };
		8DE0A0AD20FB3A80004CA173 /* Base */ = {isa = PBXFileReference; lastKnownFileType = file.storyboard; name = Base; path = Base.lproj/Main.storyboard; sourceTree = "<group>"; };
		8DE0A0AF20FB3A82004CA173 /* Assets.xcassets */ = {isa = PBXFileReference; lastKnownFileType = folder.assetcatalog; path = Assets.xcassets; sourceTree = "<group>"; };
		8DE0A0B220FB3A82004CA173 /* Base */ = {isa = PBXFileReference; lastKnownFileType = file.storyboard; name = Base; path = Base.lproj/LaunchScreen.storyboard; sourceTree = "<group>"; };
		8DE0A0B420FB3A82004CA173 /* Info.plist */ = {isa = PBXFileReference; lastKnownFileType = text.plist.xml; path = Info.plist; sourceTree = "<group>"; };
		8DE0A0B520FB3A82004CA173 /* main.m */ = {isa = PBXFileReference; lastKnownFileType = sourcecode.c.objc; path = main.m; sourceTree = "<group>"; };
		8DE0A0BD20FB3AEB004CA173 /* FHPerson.h */ = {isa = PBXFileReference; lastKnownFileType = sourcecode.c.h; path = FHPerson.h; sourceTree = "<group>"; };
		8DE0A0BE20FB3AEB004CA173 /* FHPerson.m */ = {isa = PBXFileReference; lastKnownFileType = sourcecode.c.objc; path = FHPerson.m; sourceTree = "<group>"; };
/* End PBXFileReference section */

/* Begin PBXFrameworksBuildPhase section */
		7FA9A6DD20F5AAE0007B97E4 /* Frameworks */ = {
			isa = PBXFrameworksBuildPhase;
			buildActionMask = 2147483647;
			files = (
			);
			runOnlyForDeploymentPostprocessing = 0;
		};
		7FA9A71420F6F44E007B97E4 /* Frameworks */ = {
			isa = PBXFrameworksBuildPhase;
			buildActionMask = 2147483647;
			files = (
			);
			runOnlyForDeploymentPostprocessing = 0;
		};
		7FA9A73020F72525007B97E4 /* Frameworks */ = {
			isa = PBXFrameworksBuildPhase;
			buildActionMask = 2147483647;
			files = (
			);
			runOnlyForDeploymentPostprocessing = 0;
		};
		7FBB173020F48850001A7577 /* Frameworks */ = {
			isa = PBXFrameworksBuildPhase;
			buildActionMask = 2147483647;
			files = (
			);
			runOnlyForDeploymentPostprocessing = 0;
		};
		8DE0A0A120FB3A80004CA173 /* Frameworks */ = {
			isa = PBXFrameworksBuildPhase;
			buildActionMask = 2147483647;
			files = (
			);
			runOnlyForDeploymentPostprocessing = 0;
		};
/* End PBXFrameworksBuildPhase section */

/* Begin PBXGroup section */
		7FA9A6E120F5AAE0007B97E4 /* 02-OC对象-class对象 */ = {
			isa = PBXGroup;
			children = (
				7FA9A6E220F5AAE0007B97E4 /* main.m */,
			);
			path = "02-OC对象-class对象";
			sourceTree = "<group>";
		};
		7FA9A71820F6F44E007B97E4 /* 03-OC对象-探究方法的调用 */ = {
			isa = PBXGroup;
			children = (
				7FA9A71920F6F44E007B97E4 /* main.m */,
				7FA9A71E20F6FBB8007B97E4 /* NSObject+Test.h */,
				7FA9A71F20F6FBB8007B97E4 /* NSObject+Test.m */,
			);
			path = "03-OC对象-探究方法的调用";
			sourceTree = "<group>";
		};
		7FA9A73420F72525007B97E4 /* 04-KVO底层 */ = {
			isa = PBXGroup;
			children = (
				7FA9A72C20F723D6007B97E4 /* FHPerson.h */,
				7FA9A72D20F723D6007B97E4 /* FHPerson.m */,
				7FA9A74A20F72E7A007B97E4 /* NSKVONotifying_FHPerson.h */,
				7FA9A74B20F72E7A007B97E4 /* NSKVONotifying_FHPerson.m */,
				7FA9A73520F72525007B97E4 /* AppDelegate.h */,
				7FA9A73620F72525007B97E4 /* AppDelegate.m */,
				7FA9A73820F72525007B97E4 /* ViewController.h */,
				7FA9A73920F72525007B97E4 /* ViewController.m */,
				7FA9A73B20F72525007B97E4 /* Main.storyboard */,
				7FA9A73E20F72526007B97E4 /* Assets.xcassets */,
				7FA9A74020F72526007B97E4 /* LaunchScreen.storyboard */,
				7FA9A74320F72526007B97E4 /* Info.plist */,
				7FA9A74420F72526007B97E4 /* main.m */,
			);
			path = "04-KVO底层";
			sourceTree = "<group>";
		};
		7FBB170D20F48830001A7577 = {
			isa = PBXGroup;
			children = (
				7FBB173420F48850001A7577 /* 01-OC对象 */,
				7FA9A6E120F5AAE0007B97E4 /* 02-OC对象-class对象 */,
				7FA9A71820F6F44E007B97E4 /* 03-OC对象-探究方法的调用 */,
				7FA9A73420F72525007B97E4 /* 04-KVO底层 */,
				8DE0A0A520FB3A80004CA173 /* 05-KVC底层 */,
				7FBB171720F48830001A7577 /* Products */,
			);
			sourceTree = "<group>";
		};
		7FBB171720F48830001A7577 /* Products */ = {
			isa = PBXGroup;
			children = (
				7FBB173320F48850001A7577 /* 01-OC对象 */,
				7FA9A6E020F5AAE0007B97E4 /* 02-OC对象-class对象 */,
				7FA9A71720F6F44E007B97E4 /* 03-OC对象-探究方法的调用 */,
				7FA9A73320F72525007B97E4 /* 04-KVO底层.app */,
				8DE0A0A420FB3A80004CA173 /* 05-KVC底层.app */,
			);
			name = Products;
			sourceTree = "<group>";
		};
		7FBB173420F48850001A7577 /* 01-OC对象 */ = {
			isa = PBXGroup;
			children = (
				7FBB173520F48850001A7577 /* main.m */,
			);
			path = "01-OC对象";
			sourceTree = "<group>";
		};
		8DE0A0A520FB3A80004CA173 /* 05-KVC底层 */ = {
			isa = PBXGroup;
			children = (
				8DE0A0BD20FB3AEB004CA173 /* FHPerson.h */,
				8DE0A0BE20FB3AEB004CA173 /* FHPerson.m */,
				8DE0A0A620FB3A80004CA173 /* AppDelegate.h */,
				8DE0A0A720FB3A80004CA173 /* AppDelegate.m */,
				8DE0A0A920FB3A80004CA173 /* ViewController.h */,
				8DE0A0AA20FB3A80004CA173 /* ViewController.m */,
				8DE0A0AC20FB3A80004CA173 /* Main.storyboard */,
				8DE0A0AF20FB3A82004CA173 /* Assets.xcassets */,
				8DE0A0B120FB3A82004CA173 /* LaunchScreen.storyboard */,
				8DE0A0B420FB3A82004CA173 /* Info.plist */,
				8DE0A0B520FB3A82004CA173 /* main.m */,
			);
			path = "05-KVC底层";
			sourceTree = "<group>";
		};
/* End PBXGroup section */

/* Begin PBXNativeTarget section */
		7FA9A6DF20F5AAE0007B97E4 /* 02-OC对象-class对象 */ = {
			isa = PBXNativeTarget;
			buildConfigurationList = 7FA9A6E420F5AAE0007B97E4 /* Build configuration list for PBXNativeTarget "02-OC对象-class对象" */;
			buildPhases = (
				7FA9A6DC20F5AAE0007B97E4 /* Sources */,
				7FA9A6DD20F5AAE0007B97E4 /* Frameworks */,
				7FA9A6DE20F5AAE0007B97E4 /* CopyFiles */,
			);
			buildRules = (
			);
			dependencies = (
			);
			name = "02-OC对象-class对象";
			productName = "02-OC对象-class对象";
			productReference = 7FA9A6E020F5AAE0007B97E4 /* 02-OC对象-class对象 */;
			productType = "com.apple.product-type.tool";
		};
		7FA9A71620F6F44E007B97E4 /* 03-OC对象-探究方法的调用 */ = {
			isa = PBXNativeTarget;
			buildConfigurationList = 7FA9A71D20F6F44E007B97E4 /* Build configuration list for PBXNativeTarget "03-OC对象-探究方法的调用" */;
			buildPhases = (
				7FA9A71320F6F44E007B97E4 /* Sources */,
				7FA9A71420F6F44E007B97E4 /* Frameworks */,
				7FA9A71520F6F44E007B97E4 /* CopyFiles */,
			);
			buildRules = (
			);
			dependencies = (
			);
			name = "03-OC对象-探究方法的调用";
			productName = "03-OC对象-探究方法的调用";
			productReference = 7FA9A71720F6F44E007B97E4 /* 03-OC对象-探究方法的调用 */;
			productType = "com.apple.product-type.tool";
		};
		7FA9A73220F72525007B97E4 /* 04-KVO底层 */ = {
			isa = PBXNativeTarget;
			buildConfigurationList = 7FA9A74620F72526007B97E4 /* Build configuration list for PBXNativeTarget "04-KVO底层" */;
			buildPhases = (
				7FA9A72F20F72525007B97E4 /* Sources */,
				7FA9A73020F72525007B97E4 /* Frameworks */,
				7FA9A73120F72525007B97E4 /* Resources */,
			);
			buildRules = (
			);
			dependencies = (
			);
			name = "04-KVO底层";
			productName = "04-KVO底层";
			productReference = 7FA9A73320F72525007B97E4 /* 04-KVO底层.app */;
			productType = "com.apple.product-type.application";
		};
		7FBB173220F48850001A7577 /* 01-OC对象 */ = {
			isa = PBXNativeTarget;
			buildConfigurationList = 7FBB173720F48850001A7577 /* Build configuration list for PBXNativeTarget "01-OC对象" */;
			buildPhases = (
				7FBB172F20F48850001A7577 /* Sources */,
				7FBB173020F48850001A7577 /* Frameworks */,
				7FBB173120F48850001A7577 /* CopyFiles */,
			);
			buildRules = (
			);
			dependencies = (
			);
			name = "01-OC对象";
			productName = "01-OC对象";
			productReference = 7FBB173320F48850001A7577 /* 01-OC对象 */;
			productType = "com.apple.product-type.tool";
		};
		8DE0A0A320FB3A80004CA173 /* 05-KVC底层 */ = {
			isa = PBXNativeTarget;
			buildConfigurationList = 8DE0A0B720FB3A82004CA173 /* Build configuration list for PBXNativeTarget "05-KVC底层" */;
			buildPhases = (
				8DE0A0A020FB3A80004CA173 /* Sources */,
				8DE0A0A120FB3A80004CA173 /* Frameworks */,
				8DE0A0A220FB3A80004CA173 /* Resources */,
			);
			buildRules = (
			);
			dependencies = (
			);
			name = "05-KVC底层";
			productName = "05-KVC底层";
			productReference = 8DE0A0A420FB3A80004CA173 /* 05-KVC底层.app */;
			productType = "com.apple.product-type.application";
		};
/* End PBXNativeTarget section */

/* Begin PBXProject section */
		7FBB170E20F48830001A7577 /* Project object */ = {
			isa = PBXProject;
			attributes = {
				LastSwiftUpdateCheck = 0940;
				LastUpgradeCheck = 0940;
				ORGANIZATIONNAME = wangfh;
				TargetAttributes = {
					7FA9A6DF20F5AAE0007B97E4 = {
						CreatedOnToolsVersion = 9.4.1;
					};
					7FA9A71620F6F44E007B97E4 = {
						CreatedOnToolsVersion = 9.4.1;
					};
					7FA9A73220F72525007B97E4 = {
						CreatedOnToolsVersion = 9.4.1;
					};
					7FBB173220F48850001A7577 = {
						CreatedOnToolsVersion = 9.4.1;
					};
					8DE0A0A320FB3A80004CA173 = {
						CreatedOnToolsVersion = 9.4.1;
					};
				};
			};
			buildConfigurationList = 7FBB171120F48830001A7577 /* Build configuration list for PBXProject "OCResearch" */;
			compatibilityVersion = "Xcode 9.3";
			developmentRegion = en;
			hasScannedForEncodings = 0;
			knownRegions = (
				en,
				Base,
			);
			mainGroup = 7FBB170D20F48830001A7577;
			productRefGroup = 7FBB171720F48830001A7577 /* Products */;
			projectDirPath = "";
			projectRoot = "";
			targets = (
				7FBB173220F48850001A7577 /* 01-OC对象 */,
				7FA9A6DF20F5AAE0007B97E4 /* 02-OC对象-class对象 */,
				7FA9A71620F6F44E007B97E4 /* 03-OC对象-探究方法的调用 */,
				7FA9A73220F72525007B97E4 /* 04-KVO底层 */,
				8DE0A0A320FB3A80004CA173 /* 05-KVC底层 */,
			);
		};
/* End PBXProject section */

/* Begin PBXResourcesBuildPhase section */
		7FA9A73120F72525007B97E4 /* Resources */ = {
			isa = PBXResourcesBuildPhase;
			buildActionMask = 2147483647;
			files = (
				7FA9A74220F72526007B97E4 /* LaunchScreen.storyboard in Resources */,
				7FA9A73F20F72526007B97E4 /* Assets.xcassets in Resources */,
				7FA9A73D20F72525007B97E4 /* Main.storyboard in Resources */,
			);
			runOnlyForDeploymentPostprocessing = 0;
		};
		8DE0A0A220FB3A80004CA173 /* Resources */ = {
			isa = PBXResourcesBuildPhase;
			buildActionMask = 2147483647;
			files = (
				8DE0A0B320FB3A82004CA173 /* LaunchScreen.storyboard in Resources */,
				8DE0A0B020FB3A82004CA173 /* Assets.xcassets in Resources */,
				8DE0A0AE20FB3A80004CA173 /* Main.storyboard in Resources */,
			);
			runOnlyForDeploymentPostprocessing = 0;
		};
/* End PBXResourcesBuildPhase section */

/* Begin PBXSourcesBuildPhase section */
		7FA9A6DC20F5AAE0007B97E4 /* Sources */ = {
			isa = PBXSourcesBuildPhase;
			buildActionMask = 2147483647;
			files = (
				7FA9A6E320F5AAE0007B97E4 /* main.m in Sources */,
			);
			runOnlyForDeploymentPostprocessing = 0;
		};
		7FA9A71320F6F44E007B97E4 /* Sources */ = {
			isa = PBXSourcesBuildPhase;
			buildActionMask = 2147483647;
			files = (
				7FA9A71A20F6F44E007B97E4 /* main.m in Sources */,
				7FA9A72020F6FBB8007B97E4 /* NSObject+Test.m in Sources */,
			);
			runOnlyForDeploymentPostprocessing = 0;
		};
		7FA9A72F20F72525007B97E4 /* Sources */ = {
			isa = PBXSourcesBuildPhase;
			buildActionMask = 2147483647;
			files = (
				7FA9A73A20F72525007B97E4 /* ViewController.m in Sources */,
				7FA9A74C20F72E7A007B97E4 /* NSKVONotifying_FHPerson.m in Sources */,
				7FA9A74520F72526007B97E4 /* main.m in Sources */,
				7FA9A74920F72549007B97E4 /* FHPerson.m in Sources */,
				7FA9A73720F72525007B97E4 /* AppDelegate.m in Sources */,
			);
			runOnlyForDeploymentPostprocessing = 0;
		};
		7FBB172F20F48850001A7577 /* Sources */ = {
			isa = PBXSourcesBuildPhase;
			buildActionMask = 2147483647;
			files = (
				7FBB173620F48850001A7577 /* main.m in Sources */,
			);
			runOnlyForDeploymentPostprocessing = 0;
		};
		8DE0A0A020FB3A80004CA173 /* Sources */ = {
			isa = PBXSourcesBuildPhase;
			buildActionMask = 2147483647;
			files = (
				8DE0A0AB20FB3A80004CA173 /* ViewController.m in Sources */,
				8DE0A0B620FB3A82004CA173 /* main.m in Sources */,
				8DE0A0BF20FB3AEB004CA173 /* FHPerson.m in Sources */,
				8DE0A0A820FB3A80004CA173 /* AppDelegate.m in Sources */,
			);
			runOnlyForDeploymentPostprocessing = 0;
		};
/* End PBXSourcesBuildPhase section */

/* Begin PBXVariantGroup section */
		7FA9A73B20F72525007B97E4 /* Main.storyboard */ = {
			isa = PBXVariantGroup;
			children = (
				7FA9A73C20F72525007B97E4 /* Base */,
			);
			name = Main.storyboard;
			sourceTree = "<group>";
		};
		7FA9A74020F72526007B97E4 /* LaunchScreen.storyboard */ = {
			isa = PBXVariantGroup;
			children = (
				7FA9A74120F72526007B97E4 /* Base */,
			);
			name = LaunchScreen.storyboard;
			sourceTree = "<group>";
		};
		8DE0A0AC20FB3A80004CA173 /* Main.storyboard */ = {
			isa = PBXVariantGroup;
			children = (
				8DE0A0AD20FB3A80004CA173 /* Base */,
			);
			name = Main.storyboard;
			sourceTree = "<group>";
		};
		8DE0A0B120FB3A82004CA173 /* LaunchScreen.storyboard */ = {
			isa = PBXVariantGroup;
			children = (
				8DE0A0B220FB3A82004CA173 /* Base */,
			);
			name = LaunchScreen.storyboard;
			sourceTree = "<group>";
		};
/* End PBXVariantGroup section */

/* Begin XCBuildConfiguration section */
		7FA9A6E520F5AAE0007B97E4 /* Debug */ = {
			isa = XCBuildConfiguration;
			buildSettings = {
				CODE_SIGN_IDENTITY = "-";
				CODE_SIGN_STYLE = Automatic;
				MACOSX_DEPLOYMENT_TARGET = 10.13;
				PRODUCT_NAME = "$(TARGET_NAME)";
				SDKROOT = macosx;
			};
			name = Debug;
		};
		7FA9A6E620F5AAE0007B97E4 /* Release */ = {
			isa = XCBuildConfiguration;
			buildSettings = {
				CODE_SIGN_IDENTITY = "-";
				CODE_SIGN_STYLE = Automatic;
				MACOSX_DEPLOYMENT_TARGET = 10.13;
				PRODUCT_NAME = "$(TARGET_NAME)";
				SDKROOT = macosx;
			};
			name = Release;
		};
		7FA9A71B20F6F44E007B97E4 /* Debug */ = {
			isa = XCBuildConfiguration;
			buildSettings = {
				CODE_SIGN_IDENTITY = "-";
				CODE_SIGN_STYLE = Automatic;
				MACOSX_DEPLOYMENT_TARGET = 10.13;
				PRODUCT_NAME = "$(TARGET_NAME)";
				SDKROOT = macosx;
			};
			name = Debug;
		};
		7FA9A71C20F6F44E007B97E4 /* Release */ = {
			isa = XCBuildConfiguration;
			buildSettings = {
				CODE_SIGN_IDENTITY = "-";
				CODE_SIGN_STYLE = Automatic;
				MACOSX_DEPLOYMENT_TARGET = 10.13;
				PRODUCT_NAME = "$(TARGET_NAME)";
				SDKROOT = macosx;
			};
			name = Release;
		};
		7FA9A74720F72526007B97E4 /* Debug */ = {
			isa = XCBuildConfiguration;
			buildSettings = {
				ASSETCATALOG_COMPILER_APPICON_NAME = AppIcon;
				CODE_SIGN_STYLE = Automatic;
				INFOPLIST_FILE = "04-KVO底层/Info.plist";
				IPHONEOS_DEPLOYMENT_TARGET = 11.4;
				LD_RUNPATH_SEARCH_PATHS = (
					"$(inherited)",
					"@executable_path/Frameworks",
				);
				PRODUCT_BUNDLE_IDENTIFIER = "com.qlk.CloudsOutpatient.-4-KVO--";
				PRODUCT_NAME = "$(TARGET_NAME)";
				TARGETED_DEVICE_FAMILY = "1,2";
			};
			name = Debug;
		};
		7FA9A74820F72526007B97E4 /* Release */ = {
			isa = XCBuildConfiguration;
			buildSettings = {
				ASSETCATALOG_COMPILER_APPICON_NAME = AppIcon;
				CODE_SIGN_STYLE = Automatic;
				INFOPLIST_FILE = "04-KVO底层/Info.plist";
				IPHONEOS_DEPLOYMENT_TARGET = 11.4;
				LD_RUNPATH_SEARCH_PATHS = (
					"$(inherited)",
					"@executable_path/Frameworks",
				);
				PRODUCT_BUNDLE_IDENTIFIER = "com.qlk.CloudsOutpatient.-4-KVO--";
				PRODUCT_NAME = "$(TARGET_NAME)";
				TARGETED_DEVICE_FAMILY = "1,2";
			};
			name = Release;
		};
		7FBB172A20F48831001A7577 /* Debug */ = {
			isa = XCBuildConfiguration;
			buildSettings = {
				ALWAYS_SEARCH_USER_PATHS = NO;
				CLANG_ANALYZER_NONNULL = YES;
				CLANG_ANALYZER_NUMBER_OBJECT_CONVERSION = YES_AGGRESSIVE;
				CLANG_CXX_LANGUAGE_STANDARD = "gnu++14";
				CLANG_CXX_LIBRARY = "libc++";
				CLANG_ENABLE_MODULES = YES;
				CLANG_ENABLE_OBJC_ARC = YES;
				CLANG_ENABLE_OBJC_WEAK = YES;
				CLANG_WARN_BLOCK_CAPTURE_AUTORELEASING = YES;
				CLANG_WARN_BOOL_CONVERSION = YES;
				CLANG_WARN_COMMA = YES;
				CLANG_WARN_CONSTANT_CONVERSION = YES;
				CLANG_WARN_DEPRECATED_OBJC_IMPLEMENTATIONS = YES;
				CLANG_WARN_DIRECT_OBJC_ISA_USAGE = YES_ERROR;
				CLANG_WARN_DOCUMENTATION_COMMENTS = YES;
				CLANG_WARN_EMPTY_BODY = YES;
				CLANG_WARN_ENUM_CONVERSION = YES;
				CLANG_WARN_INFINITE_RECURSION = YES;
				CLANG_WARN_INT_CONVERSION = YES;
				CLANG_WARN_NON_LITERAL_NULL_CONVERSION = YES;
				CLANG_WARN_OBJC_IMPLICIT_RETAIN_SELF = YES;
				CLANG_WARN_OBJC_LITERAL_CONVERSION = YES;
				CLANG_WARN_OBJC_ROOT_CLASS = YES_ERROR;
				CLANG_WARN_RANGE_LOOP_ANALYSIS = YES;
				CLANG_WARN_STRICT_PROTOTYPES = YES;
				CLANG_WARN_SUSPICIOUS_MOVE = YES;
				CLANG_WARN_UNGUARDED_AVAILABILITY = YES_AGGRESSIVE;
				CLANG_WARN_UNREACHABLE_CODE = YES;
				CLANG_WARN__DUPLICATE_METHOD_MATCH = YES;
				CODE_SIGN_IDENTITY = "iPhone Developer";
				COPY_PHASE_STRIP = NO;
				DEBUG_INFORMATION_FORMAT = dwarf;
				ENABLE_STRICT_OBJC_MSGSEND = YES;
				ENABLE_TESTABILITY = YES;
				GCC_C_LANGUAGE_STANDARD = gnu11;
				GCC_DYNAMIC_NO_PIC = NO;
				GCC_NO_COMMON_BLOCKS = YES;
				GCC_OPTIMIZATION_LEVEL = 0;
				GCC_PREPROCESSOR_DEFINITIONS = (
					"DEBUG=1",
					"$(inherited)",
				);
				GCC_WARN_64_TO_32_BIT_CONVERSION = YES;
				GCC_WARN_ABOUT_RETURN_TYPE = YES_ERROR;
				GCC_WARN_UNDECLARED_SELECTOR = YES;
				GCC_WARN_UNINITIALIZED_AUTOS = YES_AGGRESSIVE;
				GCC_WARN_UNUSED_FUNCTION = YES;
				GCC_WARN_UNUSED_VARIABLE = YES;
				IPHONEOS_DEPLOYMENT_TARGET = 8.0;
				MTL_ENABLE_DEBUG_INFO = YES;
				ONLY_ACTIVE_ARCH = YES;
				SDKROOT = iphoneos;
			};
			name = Debug;
		};
		7FBB172B20F48831001A7577 /* Release */ = {
			isa = XCBuildConfiguration;
			buildSettings = {
				ALWAYS_SEARCH_USER_PATHS = NO;
				CLANG_ANALYZER_NONNULL = YES;
				CLANG_ANALYZER_NUMBER_OBJECT_CONVERSION = YES_AGGRESSIVE;
				CLANG_CXX_LANGUAGE_STANDARD = "gnu++14";
				CLANG_CXX_LIBRARY = "libc++";
				CLANG_ENABLE_MODULES = YES;
				CLANG_ENABLE_OBJC_ARC = YES;
				CLANG_ENABLE_OBJC_WEAK = YES;
				CLANG_WARN_BLOCK_CAPTURE_AUTORELEASING = YES;
				CLANG_WARN_BOOL_CONVERSION = YES;
				CLANG_WARN_COMMA = YES;
				CLANG_WARN_CONSTANT_CONVERSION = YES;
				CLANG_WARN_DEPRECATED_OBJC_IMPLEMENTATIONS = YES;
				CLANG_WARN_DIRECT_OBJC_ISA_USAGE = YES_ERROR;
				CLANG_WARN_DOCUMENTATION_COMMENTS = YES;
				CLANG_WARN_EMPTY_BODY = YES;
				CLANG_WARN_ENUM_CONVERSION = YES;
				CLANG_WARN_INFINITE_RECURSION = YES;
				CLANG_WARN_INT_CONVERSION = YES;
				CLANG_WARN_NON_LITERAL_NULL_CONVERSION = YES;
				CLANG_WARN_OBJC_IMPLICIT_RETAIN_SELF = YES;
				CLANG_WARN_OBJC_LITERAL_CONVERSION = YES;
				CLANG_WARN_OBJC_ROOT_CLASS = YES_ERROR;
				CLANG_WARN_RANGE_LOOP_ANALYSIS = YES;
				CLANG_WARN_STRICT_PROTOTYPES = YES;
				CLANG_WARN_SUSPICIOUS_MOVE = YES;
				CLANG_WARN_UNGUARDED_AVAILABILITY = YES_AGGRESSIVE;
				CLANG_WARN_UNREACHABLE_CODE = YES;
				CLANG_WARN__DUPLICATE_METHOD_MATCH = YES;
				CODE_SIGN_IDENTITY = "iPhone Developer";
				COPY_PHASE_STRIP = NO;
				DEBUG_INFORMATION_FORMAT = "dwarf-with-dsym";
				ENABLE_NS_ASSERTIONS = NO;
				ENABLE_STRICT_OBJC_MSGSEND = YES;
				GCC_C_LANGUAGE_STANDARD = gnu11;
				GCC_NO_COMMON_BLOCKS = YES;
				GCC_WARN_64_TO_32_BIT_CONVERSION = YES;
				GCC_WARN_ABOUT_RETURN_TYPE = YES_ERROR;
				GCC_WARN_UNDECLARED_SELECTOR = YES;
				GCC_WARN_UNINITIALIZED_AUTOS = YES_AGGRESSIVE;
				GCC_WARN_UNUSED_FUNCTION = YES;
				GCC_WARN_UNUSED_VARIABLE = YES;
				IPHONEOS_DEPLOYMENT_TARGET = 8.0;
				MTL_ENABLE_DEBUG_INFO = NO;
				SDKROOT = iphoneos;
				VALIDATE_PRODUCT = YES;
			};
			name = Release;
		};
		7FBB173820F48850001A7577 /* Debug */ = {
			isa = XCBuildConfiguration;
			buildSettings = {
				CODE_SIGN_IDENTITY = "-";
				CODE_SIGN_STYLE = Automatic;
				MACOSX_DEPLOYMENT_TARGET = 10.13;
				PRODUCT_NAME = "$(TARGET_NAME)";
				SDKROOT = macosx;
			};
			name = Debug;
		};
		7FBB173920F48850001A7577 /* Release */ = {
			isa = XCBuildConfiguration;
			buildSettings = {
				CODE_SIGN_IDENTITY = "-";
				CODE_SIGN_STYLE = Automatic;
				MACOSX_DEPLOYMENT_TARGET = 10.13;
				PRODUCT_NAME = "$(TARGET_NAME)";
				SDKROOT = macosx;
			};
			name = Release;
		};
		8DE0A0B820FB3A82004CA173 /* Debug */ = {
			isa = XCBuildConfiguration;
			buildSettings = {
				ASSETCATALOG_COMPILER_APPICON_NAME = AppIcon;
				CODE_SIGN_STYLE = Automatic;
				INFOPLIST_FILE = "05-KVC底层/Info.plist";
				IPHONEOS_DEPLOYMENT_TARGET = 11.4;
				LD_RUNPATH_SEARCH_PATHS = (
					"$(inherited)",
					"@executable_path/Frameworks",
				);
				PRODUCT_BUNDLE_IDENTIFIER = "com.wfh.-5-KVC--";
				PRODUCT_NAME = "$(TARGET_NAME)";
				TARGETED_DEVICE_FAMILY = "1,2";
			};
			name = Debug;
		};
		8DE0A0B920FB3A82004CA173 /* Release */ = {
			isa = XCBuildConfiguration;
			buildSettings = {
				ASSETCATALOG_COMPILER_APPICON_NAME = AppIcon;
				CODE_SIGN_STYLE = Automatic;
				INFOPLIST_FILE = "05-KVC底层/Info.plist";
				IPHONEOS_DEPLOYMENT_TARGET = 11.4;
				LD_RUNPATH_SEARCH_PATHS = (
					"$(inherited)",
					"@executable_path/Frameworks",
				);
				PRODUCT_BUNDLE_IDENTIFIER = "com.wfh.-5-KVC--";
				PRODUCT_NAME = "$(TARGET_NAME)";
				TARGETED_DEVICE_FAMILY = "1,2";
			};
			name = Release;
		};
/* End XCBuildConfiguration section */

/* Begin XCConfigurationList section */
		7FA9A6E420F5AAE0007B97E4 /* Build configuration list for PBXNativeTarget "02-OC对象-class对象" */ = {
			isa = XCConfigurationList;
			buildConfigurations = (
				7FA9A6E520F5AAE0007B97E4 /* Debug */,
				7FA9A6E620F5AAE0007B97E4 /* Release */,
			);
			defaultConfigurationIsVisible = 0;
			defaultConfigurationName = Release;
		};
		7FA9A71D20F6F44E007B97E4 /* Build configuration list for PBXNativeTarget "03-OC对象-探究方法的调用" */ = {
			isa = XCConfigurationList;
			buildConfigurations = (
				7FA9A71B20F6F44E007B97E4 /* Debug */,
				7FA9A71C20F6F44E007B97E4 /* Release */,
			);
			defaultConfigurationIsVisible = 0;
			defaultConfigurationName = Release;
		};
		7FA9A74620F72526007B97E4 /* Build configuration list for PBXNativeTarget "04-KVO底层" */ = {
			isa = XCConfigurationList;
			buildConfigurations = (
				7FA9A74720F72526007B97E4 /* Debug */,
				7FA9A74820F72526007B97E4 /* Release */,
			);
			defaultConfigurationIsVisible = 0;
			defaultConfigurationName = Release;
		};
		7FBB171120F48830001A7577 /* Build configuration list for PBXProject "OCResearch" */ = {
			isa = XCConfigurationList;
			buildConfigurations = (
				7FBB172A20F48831001A7577 /* Debug */,
				7FBB172B20F48831001A7577 /* Release */,
			);
			defaultConfigurationIsVisible = 0;
			defaultConfigurationName = Release;
		};
		7FBB173720F48850001A7577 /* Build configuration list for PBXNativeTarget "01-OC对象" */ = {
			isa = XCConfigurationList;
			buildConfigurations = (
				7FBB173820F48850001A7577 /* Debug */,
				7FBB173920F48850001A7577 /* Release */,
			);
			defaultConfigurationIsVisible = 0;
			defaultConfigurationName = Release;
		};
		8DE0A0B720FB3A82004CA173 /* Build configuration list for PBXNativeTarget "05-KVC底层" */ = {
			isa = XCConfigurationList;
			buildConfigurations = (
				8DE0A0B820FB3A82004CA173 /* Debug */,
				8DE0A0B920FB3A82004CA173 /* Release */,
			);
			defaultConfigurationIsVisible = 0;
			defaultConfigurationName = Release;
		};
/* End XCConfigurationList section */
	};
	rootObject = 7FBB170E20F48830001A7577 /* Project object */;
}
