// !$*UTF8*$!
{
	archiveVersion = 1;
	classes = {
	};
	objectVersion = 50;
	objects = {

/* Begin PBXBuildFile section */
		7FBB171B20F48830001A7577 /* AppDelegate.m in Sources */ = {isa = PBXBuildFile; fileRef = 7FBB171A20F48830001A7577 /* AppDelegate.m */; };
		7FBB171E20F48830001A7577 /* ViewController.m in Sources */ = {isa = PBXBuildFile; fileRef = 7FBB171D20F48830001A7577 /* ViewController.m */; };
		7FBB172120F48830001A7577 /* Main.storyboard in Resources */ = {isa = PBXBuildFile; fileRef = 7FBB171F20F48830001A7577 /* Main.storyboard */; };
		7FBB172320F48831001A7577 /* Assets.xcassets in Resources */ = {isa = PBXBuildFile; fileRef = 7FBB172220F48831001A7577 /* Assets.xcassets */; };
		7FBB172620F48831001A7577 /* LaunchScreen.storyboard in Resources */ = {isa = PBXBuildFile; fileRef = 7FBB172420F48831001A7577 /* LaunchScreen.storyboard */; };
		7FBB172920F48831001A7577 /* main.m in Sources */ = {isa = PBXBuildFile; fileRef = 7FBB172820F48831001A7577 /* main.m */; };
		7FBB173620F48850001A7577 /* main.m in Sources */ = {isa = PBXBuildFile; fileRef = 7FBB173520F48850001A7577 /* main.m */; };
/* End PBXBuildFile section */

/* Begin PBXCopyFilesBuildPhase section */
		7FBB173120F48850001A7577 /* CopyFiles */ = {
			isa = PBXCopyFilesBuildPhase;
			buildActionMask = 2147483647;
			dstPath = /usr/share/man/man1/;
			dstSubfolderSpec = 0;
			files = (
			);
			runOnlyForDeploymentPostprocessing = 1;
		};
/* End PBXCopyFilesBuildPhase section */

/* Begin PBXFileReference section */
		7FBB171620F48830001A7577 /* OCResearch.app */ = {isa = PBXFileReference; explicitFileType = wrapper.application; includeInIndex = 0; path = OCResearch.app; sourceTree = BUILT_PRODUCTS_DIR; };
		7FBB171920F48830001A7577 /* AppDelegate.h */ = {isa = PBXFileReference; lastKnownFileType = sourcecode.c.h; path = AppDelegate.h; sourceTree = "<group>"; };
		7FBB171A20F48830001A7577 /* AppDelegate.m */ = {isa = PBXFileReference; lastKnownFileType = sourcecode.c.objc; path = AppDelegate.m; sourceTree = "<group>"; };
		7FBB171C20F48830001A7577 /* ViewController.h */ = {isa = PBXFileReference; lastKnownFileType = sourcecode.c.h; path = ViewController.h; sourceTree = "<group>"; };
		7FBB171D20F48830001A7577 /* ViewController.m */ = {isa = PBXFileReference; lastKnownFileType = sourcecode.c.objc; path = ViewController.m; sourceTree = "<group>"; };
		7FBB172020F48830001A7577 /* Base */ = {isa = PBXFileReference; lastKnownFileType = file.storyboard; name = Base; path = Base.lproj/Main.storyboard; sourceTree = "<group>"; };
		7FBB172220F48831001A7577 /* Assets.xcassets */ = {isa = PBXFileReference; lastKnownFileType = folder.assetcatalog; path = Assets.xcassets; sourceTree = "<group>"; };
		7FBB172520F48831001A7577 /* Base */ = {isa = PBXFileReference; lastKnownFileType = file.storyboard; name = Base; path = Base.lproj/LaunchScreen.storyboard; sourceTree = "<group>"; };
		7FBB172720F48831001A7577 /* Info.plist */ = {isa = PBXFileReference; lastKnownFileType = text.plist.xml; path = Info.plist; sourceTree = "<group>"; };
		7FBB172820F48831001A7577 /* main.m */ = {isa = PBXFileReference; lastKnownFileType = sourcecode.c.objc; path = main.m; sourceTree = "<group>"; };
		7FBB173320F48850001A7577 /* 01-OC对象 */ = {isa = PBXFileReference; explicitFileType = "compiled.mach-o.executable"; includeInIndex = 0; path = "01-OC对象"; sourceTree = BUILT_PRODUCTS_DIR; };
		7FBB173520F48850001A7577 /* main.m */ = {isa = PBXFileReference; lastKnownFileType = sourcecode.c.objc; path = main.m; sourceTree = "<group>"; };
/* End PBXFileReference section */

/* Begin PBXFrameworksBuildPhase section */
		7FBB171320F48830001A7577 /* Frameworks */ = {
			isa = PBXFrameworksBuildPhase;
			buildActionMask = 2147483647;
			files = (
			);
			runOnlyForDeploymentPostprocessing = 0;
		};
		7FBB173020F48850001A7577 /* Frameworks */ = {
			isa = PBXFrameworksBuildPhase;
			buildActionMask = 2147483647;
			files = (
			);
			runOnlyForDeploymentPostprocessing = 0;
		};
/* End PBXFrameworksBuildPhase section */

/* Begin PBXGroup section */
		7FBB170D20F48830001A7577 = {
			isa = PBXGroup;
			children = (
				7FBB171820F48830001A7577 /* OCResearch */,
				7FBB173420F48850001A7577 /* 01-OC对象 */,
				7FBB171720F48830001A7577 /* Products */,
			);
			sourceTree = "<group>";
		};
		7FBB171720F48830001A7577 /* Products */ = {
			isa = PBXGroup;
			children = (
				7FBB171620F48830001A7577 /* OCResearch.app */,
				7FBB173320F48850001A7577 /* 01-OC对象 */,
			);
			name = Products;
			sourceTree = "<group>";
		};
		7FBB171820F48830001A7577 /* OCResearch */ = {
			isa = PBXGroup;
			children = (
				7FBB171920F48830001A7577 /* AppDelegate.h */,
				7FBB171A20F48830001A7577 /* AppDelegate.m */,
				7FBB171C20F48830001A7577 /* ViewController.h */,
				7FBB171D20F48830001A7577 /* ViewController.m */,
				7FBB171F20F48830001A7577 /* Main.storyboard */,
				7FBB172220F48831001A7577 /* Assets.xcassets */,
				7FBB172420F48831001A7577 /* LaunchScreen.storyboard */,
				7FBB172720F48831001A7577 /* Info.plist */,
				7FBB172820F48831001A7577 /* main.m */,
			);
			path = OCResearch;
			sourceTree = "<group>";
		};
		7FBB173420F48850001A7577 /* 01-OC对象 */ = {
			isa = PBXGroup;
			children = (
				7FBB173520F48850001A7577 /* main.m */,
			);
			path = "01-OC对象";
			sourceTree = "<group>";
		};
/* End PBXGroup section */

/* Begin PBXNativeTarget section */
		7FBB171520F48830001A7577 /* OCResearch */ = {
			isa = PBXNativeTarget;
			buildConfigurationList = 7FBB172C20F48831001A7577 /* Build configuration list for PBXNativeTarget "OCResearch" */;
			buildPhases = (
				7FBB171220F48830001A7577 /* Sources */,
				7FBB171320F48830001A7577 /* Frameworks */,
				7FBB171420F48830001A7577 /* Resources */,
			);
			buildRules = (
			);
			dependencies = (
			);
			name = OCResearch;
			productName = OCResearch;
			productReference = 7FBB171620F48830001A7577 /* OCResearch.app */;
			productType = "com.apple.product-type.application";
		};
		7FBB173220F48850001A7577 /* 01-OC对象 */ = {
			isa = PBXNativeTarget;
			buildConfigurationList = 7FBB173720F48850001A7577 /* Build configuration list for PBXNativeTarget "01-OC对象" */;
			buildPhases = (
				7FBB172F20F48850001A7577 /* Sources */,
				7FBB173020F48850001A7577 /* Frameworks */,
				7FBB173120F48850001A7577 /* CopyFiles */,
			);
			buildRules = (
			);
			dependencies = (
			);
			name = "01-OC对象";
			productName = "01-OC对象";
			productReference = 7FBB173320F48850001A7577 /* 01-OC对象 */;
			productType = "com.apple.product-type.tool";
		};
/* End PBXNativeTarget section */

/* Begin PBXProject section */
		7FBB170E20F48830001A7577 /* Project object */ = {
			isa = PBXProject;
			attributes = {
				LastUpgradeCheck = 0940;
				ORGANIZATIONNAME = wangfh;
				TargetAttributes = {
					7FBB171520F48830001A7577 = {
						CreatedOnToolsVersion = 9.4.1;
					};
					7FBB173220F48850001A7577 = {
						CreatedOnToolsVersion = 9.4.1;
					};
				};
			};
			buildConfigurationList = 7FBB171120F48830001A7577 /* Build configuration list for PBXProject "OCResearch" */;
			compatibilityVersion = "Xcode 9.3";
			developmentRegion = en;
			hasScannedForEncodings = 0;
			knownRegions = (
				en,
				Base,
			);
			mainGroup = 7FBB170D20F48830001A7577;
			productRefGroup = 7FBB171720F48830001A7577 /* Products */;
			projectDirPath = "";
			projectRoot = "";
			targets = (
				7FBB171520F48830001A7577 /* OCResearch */,
				7FBB173220F48850001A7577 /* 01-OC对象 */,
			);
		};
/* End PBXProject section */

/* Begin PBXResourcesBuildPhase section */
		7FBB171420F48830001A7577 /* Resources */ = {
			isa = PBXResourcesBuildPhase;
			buildActionMask = 2147483647;
			files = (
				7FBB172620F48831001A7577 /* LaunchScreen.storyboard in Resources */,
				7FBB172320F48831001A7577 /* Assets.xcassets in Resources */,
				7FBB172120F48830001A7577 /* Main.storyboard in Resources */,
			);
			runOnlyForDeploymentPostprocessing = 0;
		};
/* End PBXResourcesBuildPhase section */

/* Begin PBXSourcesBuildPhase section */
		7FBB171220F48830001A7577 /* Sources */ = {
			isa = PBXSourcesBuildPhase;
			buildActionMask = 2147483647;
			files = (
				7FBB171E20F48830001A7577 /* ViewController.m in Sources */,
				7FBB172920F48831001A7577 /* main.m in Sources */,
				7FBB171B20F48830001A7577 /* AppDelegate.m in Sources */,
			);
			runOnlyForDeploymentPostprocessing = 0;
		};
		7FBB172F20F48850001A7577 /* Sources */ = {
			isa = PBXSourcesBuildPhase;
			buildActionMask = 2147483647;
			files = (
				7FBB173620F48850001A7577 /* main.m in Sources */,
			);
			runOnlyForDeploymentPostprocessing = 0;
		};
/* End PBXSourcesBuildPhase section */

/* Begin PBXVariantGroup section */
		7FBB171F20F48830001A7577 /* Main.storyboard */ = {
			isa = PBXVariantGroup;
			children = (
				7FBB172020F48830001A7577 /* Base */,
			);
			name = Main.storyboard;
			sourceTree = "<group>";
		};
		7FBB172420F48831001A7577 /* LaunchScreen.storyboard */ = {
			isa = PBXVariantGroup;
			children = (
				7FBB172520F48831001A7577 /* Base */,
			);
			name = LaunchScreen.storyboard;
			sourceTree = "<group>";
		};
/* End PBXVariantGroup section */

/* Begin XCBuildConfiguration section */
		7FBB172A20F48831001A7577 /* Debug */ = {
			isa = XCBuildConfiguration;
			buildSettings = {
				ALWAYS_SEARCH_USER_PATHS = NO;
				CLANG_ANALYZER_NONNULL = YES;
				CLANG_ANALYZER_NUMBER_OBJECT_CONVERSION = YES_AGGRESSIVE;
				CLANG_CXX_LANGUAGE_STANDARD = "gnu++14";
				CLANG_CXX_LIBRARY = "libc++";
				CLANG_ENABLE_MODULES = YES;
				CLANG_ENABLE_OBJC_ARC = YES;
				CLANG_ENABLE_OBJC_WEAK = YES;
				CLANG_WARN_BLOCK_CAPTURE_AUTORELEASING = YES;
				CLANG_WARN_BOOL_CONVERSION = YES;
				CLANG_WARN_COMMA = YES;
				CLANG_WARN_CONSTANT_CONVERSION = YES;
				CLANG_WARN_DEPRECATED_OBJC_IMPLEMENTATIONS = YES;
				CLANG_WARN_DIRECT_OBJC_ISA_USAGE = YES_ERROR;
				CLANG_WARN_DOCUMENTATION_COMMENTS = YES;
				CLANG_WARN_EMPTY_BODY = YES;
				CLANG_WARN_ENUM_CONVERSION = YES;
				CLANG_WARN_INFINITE_RECURSION = YES;
				CLANG_WARN_INT_CONVERSION = YES;
				CLANG_WARN_NON_LITERAL_NULL_CONVERSION = YES;
				CLANG_WARN_OBJC_IMPLICIT_RETAIN_SELF = YES;
				CLANG_WARN_OBJC_LITERAL_CONVERSION = YES;
				CLANG_WARN_OBJC_ROOT_CLASS = YES_ERROR;
				CLANG_WARN_RANGE_LOOP_ANALYSIS = YES;
				CLANG_WARN_STRICT_PROTOTYPES = YES;
				CLANG_WARN_SUSPICIOUS_MOVE = YES;
				CLANG_WARN_UNGUARDED_AVAILABILITY = YES_AGGRESSIVE;
				CLANG_WARN_UNREACHABLE_CODE = YES;
				CLANG_WARN__DUPLICATE_METHOD_MATCH = YES;
				CODE_SIGN_IDENTITY = "iPhone Developer";
				COPY_PHASE_STRIP = NO;
				DEBUG_INFORMATION_FORMAT = dwarf;
				ENABLE_STRICT_OBJC_MSGSEND = YES;
				ENABLE_TESTABILITY = YES;
				GCC_C_LANGUAGE_STANDARD = gnu11;
				GCC_DYNAMIC_NO_PIC = NO;
				GCC_NO_COMMON_BLOCKS = YES;
				GCC_OPTIMIZATION_LEVEL = 0;
				GCC_PREPROCESSOR_DEFINITIONS = (
					"DEBUG=1",
					"$(inherited)",
				);
				GCC_WARN_64_TO_32_BIT_CONVERSION = YES;
				GCC_WARN_ABOUT_RETURN_TYPE = YES_ERROR;
				GCC_WARN_UNDECLARED_SELECTOR = YES;
				GCC_WARN_UNINITIALIZED_AUTOS = YES_AGGRESSIVE;
				GCC_WARN_UNUSED_FUNCTION = YES;
				GCC_WARN_UNUSED_VARIABLE = YES;
				IPHONEOS_DEPLOYMENT_TARGET = 8.0;
				MTL_ENABLE_DEBUG_INFO = YES;
				ONLY_ACTIVE_ARCH = YES;
				SDKROOT = iphoneos;
			};
			name = Debug;
		};
		7FBB172B20F48831001A7577 /* Release */ = {
			isa = XCBuildConfiguration;
			buildSettings = {
				ALWAYS_SEARCH_USER_PATHS = NO;
				CLANG_ANALYZER_NONNULL = YES;
				CLANG_ANALYZER_NUMBER_OBJECT_CONVERSION = YES_AGGRESSIVE;
				CLANG_CXX_LANGUAGE_STANDARD = "gnu++14";
				CLANG_CXX_LIBRARY = "libc++";
				CLANG_ENABLE_MODULES = YES;
				CLANG_ENABLE_OBJC_ARC = YES;
				CLANG_ENABLE_OBJC_WEAK = YES;
				CLANG_WARN_BLOCK_CAPTURE_AUTORELEASING = YES;
				CLANG_WARN_BOOL_CONVERSION = YES;
				CLANG_WARN_COMMA = YES;
				CLANG_WARN_CONSTANT_CONVERSION = YES;
				CLANG_WARN_DEPRECATED_OBJC_IMPLEMENTATIONS = YES;
				CLANG_WARN_DIRECT_OBJC_ISA_USAGE = YES_ERROR;
				CLANG_WARN_DOCUMENTATION_COMMENTS = YES;
				CLANG_WARN_EMPTY_BODY = YES;
				CLANG_WARN_ENUM_CONVERSION = YES;
				CLANG_WARN_INFINITE_RECURSION = YES;
				CLANG_WARN_INT_CONVERSION = YES;
				CLANG_WARN_NON_LITERAL_NULL_CONVERSION = YES;
				CLANG_WARN_OBJC_IMPLICIT_RETAIN_SELF = YES;
				CLANG_WARN_OBJC_LITERAL_CONVERSION = YES;
				CLANG_WARN_OBJC_ROOT_CLASS = YES_ERROR;
				CLANG_WARN_RANGE_LOOP_ANALYSIS = YES;
				CLANG_WARN_STRICT_PROTOTYPES = YES;
				CLANG_WARN_SUSPICIOUS_MOVE = YES;
				CLANG_WARN_UNGUARDED_AVAILABILITY = YES_AGGRESSIVE;
				CLANG_WARN_UNREACHABLE_CODE = YES;
				CLANG_WARN__DUPLICATE_METHOD_MATCH = YES;
				CODE_SIGN_IDENTITY = "iPhone Developer";
				COPY_PHASE_STRIP = NO;
				DEBUG_INFORMATION_FORMAT = "dwarf-with-dsym";
				ENABLE_NS_ASSERTIONS = NO;
				ENABLE_STRICT_OBJC_MSGSEND = YES;
				GCC_C_LANGUAGE_STANDARD = gnu11;
				GCC_NO_COMMON_BLOCKS = YES;
				GCC_WARN_64_TO_32_BIT_CONVERSION = YES;
				GCC_WARN_ABOUT_RETURN_TYPE = YES_ERROR;
				GCC_WARN_UNDECLARED_SELECTOR = YES;
				GCC_WARN_UNINITIALIZED_AUTOS = YES_AGGRESSIVE;
				GCC_WARN_UNUSED_FUNCTION = YES;
				GCC_WARN_UNUSED_VARIABLE = YES;
				IPHONEOS_DEPLOYMENT_TARGET = 8.0;
				MTL_ENABLE_DEBUG_INFO = NO;
				SDKROOT = iphoneos;
				VALIDATE_PRODUCT = YES;
			};
			name = Release;
		};
		7FBB172D20F48831001A7577 /* Debug */ = {
			isa = XCBuildConfiguration;
			buildSettings = {
				ASSETCATALOG_COMPILER_APPICON_NAME = AppIcon;
				CODE_SIGN_STYLE = Automatic;
				INFOPLIST_FILE = OCResearch/Info.plist;
				LD_RUNPATH_SEARCH_PATHS = (
					"$(inherited)",
					"@executable_path/Frameworks",
				);
				PRODUCT_BUNDLE_IDENTIFIER = com.qlk.CloudsOutpatient.OCResearch;
				PRODUCT_NAME = "$(TARGET_NAME)";
				TARGETED_DEVICE_FAMILY = "1,2";
			};
			name = Debug;
		};
		7FBB172E20F48831001A7577 /* Release */ = {
			isa = XCBuildConfiguration;
			buildSettings = {
				ASSETCATALOG_COMPILER_APPICON_NAME = AppIcon;
				CODE_SIGN_STYLE = Automatic;
				INFOPLIST_FILE = OCResearch/Info.plist;
				LD_RUNPATH_SEARCH_PATHS = (
					"$(inherited)",
					"@executable_path/Frameworks",
				);
				PRODUCT_BUNDLE_IDENTIFIER = com.qlk.CloudsOutpatient.OCResearch;
				PRODUCT_NAME = "$(TARGET_NAME)";
				TARGETED_DEVICE_FAMILY = "1,2";
			};
			name = Release;
		};
		7FBB173820F48850001A7577 /* Debug */ = {
			isa = XCBuildConfiguration;
			buildSettings = {
				CODE_SIGN_IDENTITY = "-";
				CODE_SIGN_STYLE = Automatic;
				MACOSX_DEPLOYMENT_TARGET = 10.13;
				PRODUCT_NAME = "$(TARGET_NAME)";
				SDKROOT = macosx;
			};
			name = Debug;
		};
		7FBB173920F48850001A7577 /* Release */ = {
			isa = XCBuildConfiguration;
			buildSettings = {
				CODE_SIGN_IDENTITY = "-";
				CODE_SIGN_STYLE = Automatic;
				MACOSX_DEPLOYMENT_TARGET = 10.13;
				PRODUCT_NAME = "$(TARGET_NAME)";
				SDKROOT = macosx;
			};
			name = Release;
		};
/* End XCBuildConfiguration section */

/* Begin XCConfigurationList section */
		7FBB171120F48830001A7577 /* Build configuration list for PBXProject "OCResearch" */ = {
			isa = XCConfigurationList;
			buildConfigurations = (
				7FBB172A20F48831001A7577 /* Debug */,
				7FBB172B20F48831001A7577 /* Release */,
			);
			defaultConfigurationIsVisible = 0;
			defaultConfigurationName = Release;
		};
		7FBB172C20F48831001A7577 /* Build configuration list for PBXNativeTarget "OCResearch" */ = {
			isa = XCConfigurationList;
			buildConfigurations = (
				7FBB172D20F48831001A7577 /* Debug */,
				7FBB172E20F48831001A7577 /* Release */,
			);
			defaultConfigurationIsVisible = 0;
			defaultConfigurationName = Release;
		};
		7FBB173720F48850001A7577 /* Build configuration list for PBXNativeTarget "01-OC对象" */ = {
			isa = XCConfigurationList;
			buildConfigurations = (
				7FBB173820F48850001A7577 /* Debug */,
				7FBB173920F48850001A7577 /* Release */,
			);
			defaultConfigurationIsVisible = 0;
			defaultConfigurationName = Release;
		};
/* End XCConfigurationList section */
	};
	rootObject = 7FBB170E20F48830001A7577 /* Project object */;
}
