// !$*UTF8*$!
{
	archiveVersion = 1;
	classes = {
	};
	objectVersion = 50;
	objects = {

/* Begin PBXBuildFile section */
		7F9A759120FD86CF003F638D /* main.m in Sources */ = {isa = PBXBuildFile; fileRef = 7F9A759020FD86CF003F638D /* main.m */; };
		7F9A759720FD86E8003F638D /* FHPerson.m in Sources */ = {isa = PBXBuildFile; fileRef = 7F9A759620FD86E8003F638D /* FHPerson.m */; };
		7F9A75A020FD87D3003F638D /* FHStudent.m in Sources */ = {isa = PBXBuildFile; fileRef = 7F9A759F20FD87D3003F638D /* FHStudent.m */; };
		7F9A75A320FD897B003F638D /* FHPerson+Test1.m in Sources */ = {isa = PBXBuildFile; fileRef = 7F9A75A220FD897B003F638D /* FHPerson+Test1.m */; };
		7F9A75A620FD898A003F638D /* FHPerson+Test2.m in Sources */ = {isa = PBXBuildFile; fileRef = 7F9A75A520FD898A003F638D /* FHPerson+Test2.m */; };
		7F9A75A920FD8997003F638D /* FHStudent+Test1.m in Sources */ = {isa = PBXBuildFile; fileRef = 7F9A75A820FD8997003F638D /* FHStudent+Test1.m */; };
		7F9A75AC20FD89A3003F638D /* FHStudent+Test2.m in Sources */ = {isa = PBXBuildFile; fileRef = 7F9A75AB20FD89A3003F638D /* FHStudent+Test2.m */; };
		7F9A75AF20FD8A3D003F638D /* FHDog.m in Sources */ = {isa = PBXBuildFile; fileRef = 7F9A75AE20FD8A3D003F638D /* FHDog.m */; };
		7F9A75B220FD8A44003F638D /* FHCat.m in Sources */ = {isa = PBXBuildFile; fileRef = 7F9A75B120FD8A44003F638D /* FHCat.m */; };
		7F9A75BA20FD8F66003F638D /* main.m in Sources */ = {isa = PBXBuildFile; fileRef = 7F9A75B920FD8F66003F638D /* main.m */; };
		7F9A75CE20FD8F87003F638D /* FHStudent+Test2.m in Sources */ = {isa = PBXBuildFile; fileRef = 7F9A75C020FD8F87003F638D /* FHStudent+Test2.m */; };
		7F9A75CF20FD8F87003F638D /* FHPerson+Test1.m in Sources */ = {isa = PBXBuildFile; fileRef = 7F9A75C120FD8F87003F638D /* FHPerson+Test1.m */; };
		7F9A75D020FD8F87003F638D /* FHPerson.m in Sources */ = {isa = PBXBuildFile; fileRef = 7F9A75C420FD8F87003F638D /* FHPerson.m */; };
		7F9A75D120FD8F87003F638D /* FHStudent.m in Sources */ = {isa = PBXBuildFile; fileRef = 7F9A75C520FD8F87003F638D /* FHStudent.m */; };
		7F9A75D220FD8F87003F638D /* FHStudent+Test1.m in Sources */ = {isa = PBXBuildFile; fileRef = 7F9A75C620FD8F87003F638D /* FHStudent+Test1.m */; };
		7F9A75D320FD8F87003F638D /* FHDog.m in Sources */ = {isa = PBXBuildFile; fileRef = 7F9A75CA20FD8F87003F638D /* FHDog.m */; };
		7F9A75D420FD8F87003F638D /* FHPerson+Test2.m in Sources */ = {isa = PBXBuildFile; fileRef = 7F9A75CB20FD8F87003F638D /* FHPerson+Test2.m */; };
		7F9A75D520FD8F87003F638D /* FHCat.m in Sources */ = {isa = PBXBuildFile; fileRef = 7F9A75CD20FD8F87003F638D /* FHCat.m */; };
		7FA9A6E320F5AAE0007B97E4 /* main.m in Sources */ = {isa = PBXBuildFile; fileRef = 7FA9A6E220F5AAE0007B97E4 /* main.m */; };
		7FA9A71A20F6F44E007B97E4 /* main.m in Sources */ = {isa = PBXBuildFile; fileRef = 7FA9A71920F6F44E007B97E4 /* main.m */; };
		7FA9A72020F6FBB8007B97E4 /* NSObject+Test.m in Sources */ = {isa = PBXBuildFile; fileRef = 7FA9A71F20F6FBB8007B97E4 /* NSObject+Test.m */; };
		7FA9A73720F72525007B97E4 /* AppDelegate.m in Sources */ = {isa = PBXBuildFile; fileRef = 7FA9A73620F72525007B97E4 /* AppDelegate.m */; };
		7FA9A73A20F72525007B97E4 /* ViewController.m in Sources */ = {isa = PBXBuildFile; fileRef = 7FA9A73920F72525007B97E4 /* ViewController.m */; };
		7FA9A73D20F72525007B97E4 /* Main.storyboard in Resources */ = {isa = PBXBuildFile; fileRef = 7FA9A73B20F72525007B97E4 /* Main.storyboard */; };
		7FA9A73F20F72526007B97E4 /* Assets.xcassets in Resources */ = {isa = PBXBuildFile; fileRef = 7FA9A73E20F72526007B97E4 /* Assets.xcassets */; };
		7FA9A74220F72526007B97E4 /* LaunchScreen.storyboard in Resources */ = {isa = PBXBuildFile; fileRef = 7FA9A74020F72526007B97E4 /* LaunchScreen.storyboard */; };
		7FA9A74520F72526007B97E4 /* main.m in Sources */ = {isa = PBXBuildFile; fileRef = 7FA9A74420F72526007B97E4 /* main.m */; };
		7FA9A74920F72549007B97E4 /* FHPerson.m in Sources */ = {isa = PBXBuildFile; fileRef = 7FA9A72D20F723D6007B97E4 /* FHPerson.m */; };
		7FA9A74C20F72E7A007B97E4 /* NSKVONotifying_FHPerson.m in Sources */ = {isa = PBXBuildFile; fileRef = 7FA9A74B20F72E7A007B97E4 /* NSKVONotifying_FHPerson.m */; };
		7FAB8ED521070E7700A99669 /* main.m in Sources */ = {isa = PBXBuildFile; fileRef = 7FAB8ED421070E7700A99669 /* main.m */; };
		7FAB8EE32107391300A99669 /* main.m in Sources */ = {isa = PBXBuildFile; fileRef = 7FAB8EE22107391300A99669 /* main.m */; };
		7FBB173620F48850001A7577 /* main.m in Sources */ = {isa = PBXBuildFile; fileRef = 7FBB173520F48850001A7577 /* main.m */; };
		7FF4A00E20FEDD1D00E2ED61 /* main.m in Sources */ = {isa = PBXBuildFile; fileRef = 7FF4A00D20FEDD1D00E2ED61 /* main.m */; };
		7FF4A01420FEDD4700E2ED61 /* FHPerson.m in Sources */ = {isa = PBXBuildFile; fileRef = 7FF4A01320FEDD4700E2ED61 /* FHPerson.m */; };
		7FF4A01720FEDFFA00E2ED61 /* FHPerson+Test.m in Sources */ = {isa = PBXBuildFile; fileRef = 7FF4A01620FEDFFA00E2ED61 /* FHPerson+Test.m */; };
		8DA678D420FCD0C60083AAED /* main.m in Sources */ = {isa = PBXBuildFile; fileRef = 8DA678D320FCD0C60083AAED /* main.m */; };
		8DA678DA20FCD9A00083AAED /* FHPerson.m in Sources */ = {isa = PBXBuildFile; fileRef = 8DA678D920FCD9A00083AAED /* FHPerson.m */; };
		8DA678E620FCE68C0083AAED /* FHPerson+Test.m in Sources */ = {isa = PBXBuildFile; fileRef = 8DA678E520FCE68C0083AAED /* FHPerson+Test.m */; };
		8DA678E920FCE6C20083AAED /* FHPerson+Eat.m in Sources */ = {isa = PBXBuildFile; fileRef = 8DA678E820FCE6C20083AAED /* FHPerson+Eat.m */; };
		8DE0A0A820FB3A80004CA173 /* AppDelegate.m in Sources */ = {isa = PBXBuildFile; fileRef = 8DE0A0A720FB3A80004CA173 /* AppDelegate.m */; };
		8DE0A0AB20FB3A80004CA173 /* ViewController.m in Sources */ = {isa = PBXBuildFile; fileRef = 8DE0A0AA20FB3A80004CA173 /* ViewController.m */; };
		8DE0A0AE20FB3A80004CA173 /* Main.storyboard in Resources */ = {isa = PBXBuildFile; fileRef = 8DE0A0AC20FB3A80004CA173 /* Main.storyboard */; };
		8DE0A0B020FB3A82004CA173 /* Assets.xcassets in Resources */ = {isa = PBXBuildFile; fileRef = 8DE0A0AF20FB3A82004CA173 /* Assets.xcassets */; };
		8DE0A0B320FB3A82004CA173 /* LaunchScreen.storyboard in Resources */ = {isa = PBXBuildFile; fileRef = 8DE0A0B120FB3A82004CA173 /* LaunchScreen.storyboard */; };
		8DE0A0B620FB3A82004CA173 /* main.m in Sources */ = {isa = PBXBuildFile; fileRef = 8DE0A0B520FB3A82004CA173 /* main.m */; };
		8DE0A0BF20FB3AEB004CA173 /* FHPerson.m in Sources */ = {isa = PBXBuildFile; fileRef = 8DE0A0BE20FB3AEB004CA173 /* FHPerson.m */; };
/* End PBXBuildFile section */

/* Begin PBXCopyFilesBuildPhase section */
		7F9A758C20FD86CF003F638D /* CopyFiles */ = {
			isa = PBXCopyFilesBuildPhase;
			buildActionMask = 2147483647;
			dstPath = /usr/share/man/man1/;
			dstSubfolderSpec = 0;
			files = (
			);
			runOnlyForDeploymentPostprocessing = 1;
		};
		7F9A75B520FD8F66003F638D /* CopyFiles */ = {
			isa = PBXCopyFilesBuildPhase;
			buildActionMask = 2147483647;
			dstPath = /usr/share/man/man1/;
			dstSubfolderSpec = 0;
			files = (
			);
			runOnlyForDeploymentPostprocessing = 1;
		};
		7FA9A6DE20F5AAE0007B97E4 /* CopyFiles */ = {
			isa = PBXCopyFilesBuildPhase;
			buildActionMask = 2147483647;
			dstPath = /usr/share/man/man1/;
			dstSubfolderSpec = 0;
			files = (
			);
			runOnlyForDeploymentPostprocessing = 1;
		};
		7FA9A71520F6F44E007B97E4 /* CopyFiles */ = {
			isa = PBXCopyFilesBuildPhase;
			buildActionMask = 2147483647;
			dstPath = /usr/share/man/man1/;
			dstSubfolderSpec = 0;
			files = (
			);
			runOnlyForDeploymentPostprocessing = 1;
		};
		7FAB8ED021070E7700A99669 /* CopyFiles */ = {
			isa = PBXCopyFilesBuildPhase;
			buildActionMask = 2147483647;
			dstPath = /usr/share/man/man1/;
			dstSubfolderSpec = 0;
			files = (
			);
			runOnlyForDeploymentPostprocessing = 1;
		};
		7FAB8EDE2107391300A99669 /* CopyFiles */ = {
			isa = PBXCopyFilesBuildPhase;
			buildActionMask = 2147483647;
			dstPath = /usr/share/man/man1/;
			dstSubfolderSpec = 0;
			files = (
			);
			runOnlyForDeploymentPostprocessing = 1;
		};
		7FBB173120F48850001A7577 /* CopyFiles */ = {
			isa = PBXCopyFilesBuildPhase;
			buildActionMask = 2147483647;
			dstPath = /usr/share/man/man1/;
			dstSubfolderSpec = 0;
			files = (
			);
			runOnlyForDeploymentPostprocessing = 1;
		};
		7FF4A00920FEDD1C00E2ED61 /* CopyFiles */ = {
			isa = PBXCopyFilesBuildPhase;
			buildActionMask = 2147483647;
			dstPath = /usr/share/man/man1/;
			dstSubfolderSpec = 0;
			files = (
			);
			runOnlyForDeploymentPostprocessing = 1;
		};
		8DA678CF20FCD0C60083AAED /* CopyFiles */ = {
			isa = PBXCopyFilesBuildPhase;
			buildActionMask = 2147483647;
			dstPath = /usr/share/man/man1/;
			dstSubfolderSpec = 0;
			files = (
			);
			runOnlyForDeploymentPostprocessing = 1;
		};
/* End PBXCopyFilesBuildPhase section */

/* Begin PBXFileReference section */
		7F9A758E20FD86CF003F638D /* 07-load */ = {isa = PBXFileReference; explicitFileType = "compiled.mach-o.executable"; includeInIndex = 0; path = "07-load"; sourceTree = BUILT_PRODUCTS_DIR; };
		7F9A759020FD86CF003F638D /* main.m */ = {isa = PBXFileReference; lastKnownFileType = sourcecode.c.objc; path = main.m; sourceTree = "<group>"; };
		7F9A759520FD86E8003F638D /* FHPerson.h */ = {isa = PBXFileReference; lastKnownFileType = sourcecode.c.h; path = FHPerson.h; sourceTree = "<group>"; };
		7F9A759620FD86E8003F638D /* FHPerson.m */ = {isa = PBXFileReference; lastKnownFileType = sourcecode.c.objc; path = FHPerson.m; sourceTree = "<group>"; };
		7F9A759E20FD87D3003F638D /* FHStudent.h */ = {isa = PBXFileReference; lastKnownFileType = sourcecode.c.h; path = FHStudent.h; sourceTree = "<group>"; };
		7F9A759F20FD87D3003F638D /* FHStudent.m */ = {isa = PBXFileReference; lastKnownFileType = sourcecode.c.objc; path = FHStudent.m; sourceTree = "<group>"; };
		7F9A75A120FD897B003F638D /* FHPerson+Test1.h */ = {isa = PBXFileReference; lastKnownFileType = sourcecode.c.h; path = "FHPerson+Test1.h"; sourceTree = "<group>"; };
		7F9A75A220FD897B003F638D /* FHPerson+Test1.m */ = {isa = PBXFileReference; lastKnownFileType = sourcecode.c.objc; path = "FHPerson+Test1.m"; sourceTree = "<group>"; };
		7F9A75A420FD898A003F638D /* FHPerson+Test2.h */ = {isa = PBXFileReference; lastKnownFileType = sourcecode.c.h; path = "FHPerson+Test2.h"; sourceTree = "<group>"; };
		7F9A75A520FD898A003F638D /* FHPerson+Test2.m */ = {isa = PBXFileReference; lastKnownFileType = sourcecode.c.objc; path = "FHPerson+Test2.m"; sourceTree = "<group>"; };
		7F9A75A720FD8997003F638D /* FHStudent+Test1.h */ = {isa = PBXFileReference; lastKnownFileType = sourcecode.c.h; path = "FHStudent+Test1.h"; sourceTree = "<group>"; };
		7F9A75A820FD8997003F638D /* FHStudent+Test1.m */ = {isa = PBXFileReference; lastKnownFileType = sourcecode.c.objc; path = "FHStudent+Test1.m"; sourceTree = "<group>"; };
		7F9A75AA20FD89A3003F638D /* FHStudent+Test2.h */ = {isa = PBXFileReference; lastKnownFileType = sourcecode.c.h; path = "FHStudent+Test2.h"; sourceTree = "<group>"; };
		7F9A75AB20FD89A3003F638D /* FHStudent+Test2.m */ = {isa = PBXFileReference; lastKnownFileType = sourcecode.c.objc; path = "FHStudent+Test2.m"; sourceTree = "<group>"; };
		7F9A75AD20FD8A3D003F638D /* FHDog.h */ = {isa = PBXFileReference; lastKnownFileType = sourcecode.c.h; path = FHDog.h; sourceTree = "<group>"; };
		7F9A75AE20FD8A3D003F638D /* FHDog.m */ = {isa = PBXFileReference; lastKnownFileType = sourcecode.c.objc; path = FHDog.m; sourceTree = "<group>"; };
		7F9A75B020FD8A44003F638D /* FHCat.h */ = {isa = PBXFileReference; lastKnownFileType = sourcecode.c.h; path = FHCat.h; sourceTree = "<group>"; };
		7F9A75B120FD8A44003F638D /* FHCat.m */ = {isa = PBXFileReference; lastKnownFileType = sourcecode.c.objc; path = FHCat.m; sourceTree = "<group>"; };
		7F9A75B720FD8F66003F638D /* 08-initialize */ = {isa = PBXFileReference; explicitFileType = "compiled.mach-o.executable"; includeInIndex = 0; path = "08-initialize"; sourceTree = BUILT_PRODUCTS_DIR; };
		7F9A75B920FD8F66003F638D /* main.m */ = {isa = PBXFileReference; lastKnownFileType = sourcecode.c.objc; path = main.m; sourceTree = "<group>"; };
		7F9A75BE20FD8F86003F638D /* FHPerson.h */ = {isa = PBXFileReference; fileEncoding = 4; lastKnownFileType = sourcecode.c.h; path = FHPerson.h; sourceTree = "<group>"; };
		7F9A75BF20FD8F87003F638D /* FHDog.h */ = {isa = PBXFileReference; fileEncoding = 4; lastKnownFileType = sourcecode.c.h; path = FHDog.h; sourceTree = "<group>"; };
		7F9A75C020FD8F87003F638D /* FHStudent+Test2.m */ = {isa = PBXFileReference; fileEncoding = 4; lastKnownFileType = sourcecode.c.objc; path = "FHStudent+Test2.m"; sourceTree = "<group>"; };
		7F9A75C120FD8F87003F638D /* FHPerson+Test1.m */ = {isa = PBXFileReference; fileEncoding = 4; lastKnownFileType = sourcecode.c.objc; path = "FHPerson+Test1.m"; sourceTree = "<group>"; };
		7F9A75C220FD8F87003F638D /* FHStudent+Test2.h */ = {isa = PBXFileReference; fileEncoding = 4; lastKnownFileType = sourcecode.c.h; path = "FHStudent+Test2.h"; sourceTree = "<group>"; };
		7F9A75C320FD8F87003F638D /* FHStudent.h */ = {isa = PBXFileReference; fileEncoding = 4; lastKnownFileType = sourcecode.c.h; path = FHStudent.h; sourceTree = "<group>"; };
		7F9A75C420FD8F87003F638D /* FHPerson.m */ = {isa = PBXFileReference; fileEncoding = 4; lastKnownFileType = sourcecode.c.objc; path = FHPerson.m; sourceTree = "<group>"; };
		7F9A75C520FD8F87003F638D /* FHStudent.m */ = {isa = PBXFileReference; fileEncoding = 4; lastKnownFileType = sourcecode.c.objc; path = FHStudent.m; sourceTree = "<group>"; };
		7F9A75C620FD8F87003F638D /* FHStudent+Test1.m */ = {isa = PBXFileReference; fileEncoding = 4; lastKnownFileType = sourcecode.c.objc; path = "FHStudent+Test1.m"; sourceTree = "<group>"; };
		7F9A75C720FD8F87003F638D /* FHStudent+Test1.h */ = {isa = PBXFileReference; fileEncoding = 4; lastKnownFileType = sourcecode.c.h; path = "FHStudent+Test1.h"; sourceTree = "<group>"; };
		7F9A75C820FD8F87003F638D /* FHPerson+Test1.h */ = {isa = PBXFileReference; fileEncoding = 4; lastKnownFileType = sourcecode.c.h; path = "FHPerson+Test1.h"; sourceTree = "<group>"; };
		7F9A75C920FD8F87003F638D /* FHCat.h */ = {isa = PBXFileReference; fileEncoding = 4; lastKnownFileType = sourcecode.c.h; path = FHCat.h; sourceTree = "<group>"; };
		7F9A75CA20FD8F87003F638D /* FHDog.m */ = {isa = PBXFileReference; fileEncoding = 4; lastKnownFileType = sourcecode.c.objc; path = FHDog.m; sourceTree = "<group>"; };
		7F9A75CB20FD8F87003F638D /* FHPerson+Test2.m */ = {isa = PBXFileReference; fileEncoding = 4; lastKnownFileType = sourcecode.c.objc; path = "FHPerson+Test2.m"; sourceTree = "<group>"; };
		7F9A75CC20FD8F87003F638D /* FHPerson+Test2.h */ = {isa = PBXFileReference; fileEncoding = 4; lastKnownFileType = sourcecode.c.h; path = "FHPerson+Test2.h"; sourceTree = "<group>"; };
		7F9A75CD20FD8F87003F638D /* FHCat.m */ = {isa = PBXFileReference; fileEncoding = 4; lastKnownFileType = sourcecode.c.objc; path = FHCat.m; sourceTree = "<group>"; };
		7FA9A6E020F5AAE0007B97E4 /* 02-OC对象-class对象 */ = {isa = PBXFileReference; explicitFileType = "compiled.mach-o.executable"; includeInIndex = 0; path = "02-OC对象-class对象"; sourceTree = BUILT_PRODUCTS_DIR; };
		7FA9A6E220F5AAE0007B97E4 /* main.m */ = {isa = PBXFileReference; lastKnownFileType = sourcecode.c.objc; path = main.m; sourceTree = "<group>"; };
		7FA9A71720F6F44E007B97E4 /* 03-OC对象-探究方法的调用 */ = {isa = PBXFileReference; explicitFileType = "compiled.mach-o.executable"; includeInIndex = 0; path = "03-OC对象-探究方法的调用"; sourceTree = BUILT_PRODUCTS_DIR; };
		7FA9A71920F6F44E007B97E4 /* main.m */ = {isa = PBXFileReference; lastKnownFileType = sourcecode.c.objc; path = main.m; sourceTree = "<group>"; };
		7FA9A71E20F6FBB8007B97E4 /* NSObject+Test.h */ = {isa = PBXFileReference; lastKnownFileType = sourcecode.c.h; path = "NSObject+Test.h"; sourceTree = "<group>"; };
		7FA9A71F20F6FBB8007B97E4 /* NSObject+Test.m */ = {isa = PBXFileReference; lastKnownFileType = sourcecode.c.objc; path = "NSObject+Test.m"; sourceTree = "<group>"; };
		7FA9A72C20F723D6007B97E4 /* FHPerson.h */ = {isa = PBXFileReference; lastKnownFileType = sourcecode.c.h; path = FHPerson.h; sourceTree = "<group>"; };
		7FA9A72D20F723D6007B97E4 /* FHPerson.m */ = {isa = PBXFileReference; lastKnownFileType = sourcecode.c.objc; path = FHPerson.m; sourceTree = "<group>"; };
		7FA9A73320F72525007B97E4 /* 04-KVO底层.app */ = {isa = PBXFileReference; explicitFileType = wrapper.application; includeInIndex = 0; path = "04-KVO底层.app"; sourceTree = BUILT_PRODUCTS_DIR; };
		7FA9A73520F72525007B97E4 /* AppDelegate.h */ = {isa = PBXFileReference; lastKnownFileType = sourcecode.c.h; path = AppDelegate.h; sourceTree = "<group>"; };
		7FA9A73620F72525007B97E4 /* AppDelegate.m */ = {isa = PBXFileReference; lastKnownFileType = sourcecode.c.objc; path = AppDelegate.m; sourceTree = "<group>"; };
		7FA9A73820F72525007B97E4 /* ViewController.h */ = {isa = PBXFileReference; lastKnownFileType = sourcecode.c.h; path = ViewController.h; sourceTree = "<group>"; };
		7FA9A73920F72525007B97E4 /* ViewController.m */ = {isa = PBXFileReference; lastKnownFileType = sourcecode.c.objc; path = ViewController.m; sourceTree = "<group>"; };
		7FA9A73C20F72525007B97E4 /* Base */ = {isa = PBXFileReference; lastKnownFileType = file.storyboard; name = Base; path = Base.lproj/Main.storyboard; sourceTree = "<group>"; };
		7FA9A73E20F72526007B97E4 /* Assets.xcassets */ = {isa = PBXFileReference; lastKnownFileType = folder.assetcatalog; path = Assets.xcassets; sourceTree = "<group>"; };
		7FA9A74120F72526007B97E4 /* Base */ = {isa = PBXFileReference; lastKnownFileType = file.storyboard; name = Base; path = Base.lproj/LaunchScreen.storyboard; sourceTree = "<group>"; };
		7FA9A74320F72526007B97E4 /* Info.plist */ = {isa = PBXFileReference; lastKnownFileType = text.plist.xml; path = Info.plist; sourceTree = "<group>"; };
		7FA9A74420F72526007B97E4 /* main.m */ = {isa = PBXFileReference; lastKnownFileType = sourcecode.c.objc; path = main.m; sourceTree = "<group>"; };
		7FA9A74A20F72E7A007B97E4 /* NSKVONotifying_FHPerson.h */ = {isa = PBXFileReference; lastKnownFileType = sourcecode.c.h; path = NSKVONotifying_FHPerson.h; sourceTree = "<group>"; };
		7FA9A74B20F72E7A007B97E4 /* NSKVONotifying_FHPerson.m */ = {isa = PBXFileReference; lastKnownFileType = sourcecode.c.objc; path = NSKVONotifying_FHPerson.m; sourceTree = "<group>"; };
		7FAB8ED221070E7700A99669 /* 10-block */ = {isa = PBXFileReference; explicitFileType = "compiled.mach-o.executable"; includeInIndex = 0; path = "10-block"; sourceTree = BUILT_PRODUCTS_DIR; };
		7FAB8ED421070E7700A99669 /* main.m */ = {isa = PBXFileReference; lastKnownFileType = sourcecode.c.objc; path = main.m; sourceTree = "<group>"; };
		7FAB8EE02107391300A99669 /* 11-block的类型 */ = {isa = PBXFileReference; explicitFileType = "compiled.mach-o.executable"; includeInIndex = 0; path = "11-block的类型"; sourceTree = BUILT_PRODUCTS_DIR; };
		7FAB8EE22107391300A99669 /* main.m */ = {isa = PBXFileReference; lastKnownFileType = sourcecode.c.objc; path = main.m; sourceTree = "<group>"; };
		7FBB173320F48850001A7577 /* 01-OC对象 */ = {isa = PBXFileReference; explicitFileType = "compiled.mach-o.executable"; includeInIndex = 0; path = "01-OC对象"; sourceTree = BUILT_PRODUCTS_DIR; };
		7FBB173520F48850001A7577 /* main.m */ = {isa = PBXFileReference; lastKnownFileType = sourcecode.c.objc; path = main.m; sourceTree = "<group>"; };
		7FF4A00B20FEDD1C00E2ED61 /* 09-关联属性 */ = {isa = PBXFileReference; explicitFileType = "compiled.mach-o.executable"; includeInIndex = 0; path = "09-关联属性"; sourceTree = BUILT_PRODUCTS_DIR; };
		7FF4A00D20FEDD1D00E2ED61 /* main.m */ = {isa = PBXFileReference; lastKnownFileType = sourcecode.c.objc; path = main.m; sourceTree = "<group>"; };
		7FF4A01220FEDD4700E2ED61 /* FHPerson.h */ = {isa = PBXFileReference; lastKnownFileType = sourcecode.c.h; path = FHPerson.h; sourceTree = "<group>"; };
		7FF4A01320FEDD4700E2ED61 /* FHPerson.m */ = {isa = PBXFileReference; lastKnownFileType = sourcecode.c.objc; path = FHPerson.m; sourceTree = "<group>"; };
		7FF4A01520FEDFFA00E2ED61 /* FHPerson+Test.h */ = {isa = PBXFileReference; lastKnownFileType = sourcecode.c.h; path = "FHPerson+Test.h"; sourceTree = "<group>"; };
		7FF4A01620FEDFFA00E2ED61 /* FHPerson+Test.m */ = {isa = PBXFileReference; lastKnownFileType = sourcecode.c.objc; path = "FHPerson+Test.m"; sourceTree = "<group>"; };
		8DA678D120FCD0C60083AAED /* 06-Category */ = {isa = PBXFileReference; explicitFileType = "compiled.mach-o.executable"; includeInIndex = 0; path = "06-Category"; sourceTree = BUILT_PRODUCTS_DIR; };
		8DA678D320FCD0C60083AAED /* main.m */ = {isa = PBXFileReference; lastKnownFileType = sourcecode.c.objc; path = main.m; sourceTree = "<group>"; };
		8DA678D820FCD9A00083AAED /* FHPerson.h */ = {isa = PBXFileReference; lastKnownFileType = sourcecode.c.h; path = FHPerson.h; sourceTree = "<group>"; };
		8DA678D920FCD9A00083AAED /* FHPerson.m */ = {isa = PBXFileReference; lastKnownFileType = sourcecode.c.objc; path = FHPerson.m; sourceTree = "<group>"; };
		8DA678E420FCE68C0083AAED /* FHPerson+Test.h */ = {isa = PBXFileReference; lastKnownFileType = sourcecode.c.h; path = "FHPerson+Test.h"; sourceTree = "<group>"; };
		8DA678E520FCE68C0083AAED /* FHPerson+Test.m */ = {isa = PBXFileReference; lastKnownFileType = sourcecode.c.objc; path = "FHPerson+Test.m"; sourceTree = "<group>"; };
		8DA678E720FCE6C20083AAED /* FHPerson+Eat.h */ = {isa = PBXFileReference; lastKnownFileType = sourcecode.c.h; path = "FHPerson+Eat.h"; sourceTree = "<group>"; };
		8DA678E820FCE6C20083AAED /* FHPerson+Eat.m */ = {isa = PBXFileReference; lastKnownFileType = sourcecode.c.objc; path = "FHPerson+Eat.m"; sourceTree = "<group>"; };
		8DE0A0A420FB3A80004CA173 /* 05-KVC底层.app */ = {isa = PBXFileReference; explicitFileType = wrapper.application; includeInIndex = 0; path = "05-KVC底层.app"; sourceTree = BUILT_PRODUCTS_DIR; };
		8DE0A0A620FB3A80004CA173 /* AppDelegate.h */ = {isa = PBXFileReference; lastKnownFileType = sourcecode.c.h; path = AppDelegate.h; sourceTree = "<group>"; };
		8DE0A0A720FB3A80004CA173 /* AppDelegate.m */ = {isa = PBXFileReference; lastKnownFileType = sourcecode.c.objc; path = AppDelegate.m; sourceTree = "<group>"; };
		8DE0A0A920FB3A80004CA173 /* ViewController.h */ = {isa = PBXFileReference; lastKnownFileType = sourcecode.c.h; path = ViewController.h; sourceTree = "<group>"; };
		8DE0A0AA20FB3A80004CA173 /* ViewController.m */ = {isa = PBXFileReference; lastKnownFileType = sourcecode.c.objc; path = ViewController.m; sourceTree = "<group>"; };
		8DE0A0AD20FB3A80004CA173 /* Base */ = {isa = PBXFileReference; lastKnownFileType = file.storyboard; name = Base; path = Base.lproj/Main.storyboard; sourceTree = "<group>"; };
		8DE0A0AF20FB3A82004CA173 /* Assets.xcassets */ = {isa = PBXFileReference; lastKnownFileType = folder.assetcatalog; path = Assets.xcassets; sourceTree = "<group>"; };
		8DE0A0B220FB3A82004CA173 /* Base */ = {isa = PBXFileReference; lastKnownFileType = file.storyboard; name = Base; path = Base.lproj/LaunchScreen.storyboard; sourceTree = "<group>"; };
		8DE0A0B420FB3A82004CA173 /* Info.plist */ = {isa = PBXFileReference; lastKnownFileType = text.plist.xml; path = Info.plist; sourceTree = "<group>"; };
		8DE0A0B520FB3A82004CA173 /* main.m */ = {isa = PBXFileReference; lastKnownFileType = sourcecode.c.objc; path = main.m; sourceTree = "<group>"; };
		8DE0A0BD20FB3AEB004CA173 /* FHPerson.h */ = {isa = PBXFileReference; lastKnownFileType = sourcecode.c.h; path = FHPerson.h; sourceTree = "<group>"; };
		8DE0A0BE20FB3AEB004CA173 /* FHPerson.m */ = {isa = PBXFileReference; lastKnownFileType = sourcecode.c.objc; path = FHPerson.m; sourceTree = "<group>"; };
/* End PBXFileReference section */

/* Begin PBXFrameworksBuildPhase section */
		7F9A758B20FD86CF003F638D /* Frameworks */ = {
			isa = PBXFrameworksBuildPhase;
			buildActionMask = 2147483647;
			files = (
			);
			runOnlyForDeploymentPostprocessing = 0;
		};
		7F9A75B420FD8F66003F638D /* Frameworks */ = {
			isa = PBXFrameworksBuildPhase;
			buildActionMask = 2147483647;
			files = (
			);
			runOnlyForDeploymentPostprocessing = 0;
		};
		7FA9A6DD20F5AAE0007B97E4 /* Frameworks */ = {
			isa = PBXFrameworksBuildPhase;
			buildActionMask = 2147483647;
			files = (
			);
			runOnlyForDeploymentPostprocessing = 0;
		};
		7FA9A71420F6F44E007B97E4 /* Frameworks */ = {
			isa = PBXFrameworksBuildPhase;
			buildActionMask = 2147483647;
			files = (
			);
			runOnlyForDeploymentPostprocessing = 0;
		};
		7FA9A73020F72525007B97E4 /* Frameworks */ = {
			isa = PBXFrameworksBuildPhase;
			buildActionMask = 2147483647;
			files = (
			);
			runOnlyForDeploymentPostprocessing = 0;
		};
		7FAB8ECF21070E7700A99669 /* Frameworks */ = {
			isa = PBXFrameworksBuildPhase;
			buildActionMask = 2147483647;
			files = (
			);
			runOnlyForDeploymentPostprocessing = 0;
		};
		7FAB8EDD2107391300A99669 /* Frameworks */ = {
			isa = PBXFrameworksBuildPhase;
			buildActionMask = 2147483647;
			files = (
			);
			runOnlyForDeploymentPostprocessing = 0;
		};
		7FBB173020F48850001A7577 /* Frameworks */ = {
			isa = PBXFrameworksBuildPhase;
			buildActionMask = 2147483647;
			files = (
			);
			runOnlyForDeploymentPostprocessing = 0;
		};
		7FF4A00820FEDD1C00E2ED61 /* Frameworks */ = {
			isa = PBXFrameworksBuildPhase;
			buildActionMask = 2147483647;
			files = (
			);
			runOnlyForDeploymentPostprocessing = 0;
		};
		8DA678CE20FCD0C60083AAED /* Frameworks */ = {
			isa = PBXFrameworksBuildPhase;
			buildActionMask = 2147483647;
			files = (
			);
			runOnlyForDeploymentPostprocessing = 0;
		};
		8DE0A0A120FB3A80004CA173 /* Frameworks */ = {
			isa = PBXFrameworksBuildPhase;
			buildActionMask = 2147483647;
			files = (
			);
			runOnlyForDeploymentPostprocessing = 0;
		};
/* End PBXFrameworksBuildPhase section */

/* Begin PBXGroup section */
		7F9A758F20FD86CF003F638D /* 07-load */ = {
			isa = PBXGroup;
			children = (
				7F9A759020FD86CF003F638D /* main.m */,
				7F9A759520FD86E8003F638D /* FHPerson.h */,
				7F9A759620FD86E8003F638D /* FHPerson.m */,
				7F9A759E20FD87D3003F638D /* FHStudent.h */,
				7F9A759F20FD87D3003F638D /* FHStudent.m */,
				7F9A75A120FD897B003F638D /* FHPerson+Test1.h */,
				7F9A75A220FD897B003F638D /* FHPerson+Test1.m */,
				7F9A75A420FD898A003F638D /* FHPerson+Test2.h */,
				7F9A75A520FD898A003F638D /* FHPerson+Test2.m */,
				7F9A75A720FD8997003F638D /* FHStudent+Test1.h */,
				7F9A75A820FD8997003F638D /* FHStudent+Test1.m */,
				7F9A75AA20FD89A3003F638D /* FHStudent+Test2.h */,
				7F9A75AB20FD89A3003F638D /* FHStudent+Test2.m */,
				7F9A75AD20FD8A3D003F638D /* FHDog.h */,
				7F9A75AE20FD8A3D003F638D /* FHDog.m */,
				7F9A75B020FD8A44003F638D /* FHCat.h */,
				7F9A75B120FD8A44003F638D /* FHCat.m */,
			);
			path = "07-load";
			sourceTree = "<group>";
		};
		7F9A75B820FD8F66003F638D /* 08-initialize */ = {
			isa = PBXGroup;
			children = (
				7F9A75B920FD8F66003F638D /* main.m */,
				7F9A75C920FD8F87003F638D /* FHCat.h */,
				7F9A75CD20FD8F87003F638D /* FHCat.m */,
				7F9A75BF20FD8F87003F638D /* FHDog.h */,
				7F9A75CA20FD8F87003F638D /* FHDog.m */,
				7F9A75BE20FD8F86003F638D /* FHPerson.h */,
				7F9A75C420FD8F87003F638D /* FHPerson.m */,
				7F9A75C320FD8F87003F638D /* FHStudent.h */,
				7F9A75C520FD8F87003F638D /* FHStudent.m */,
				7F9A75C820FD8F87003F638D /* FHPerson+Test1.h */,
				7F9A75C120FD8F87003F638D /* FHPerson+Test1.m */,
				7F9A75CC20FD8F87003F638D /* FHPerson+Test2.h */,
				7F9A75CB20FD8F87003F638D /* FHPerson+Test2.m */,
				7F9A75C720FD8F87003F638D /* FHStudent+Test1.h */,
				7F9A75C620FD8F87003F638D /* FHStudent+Test1.m */,
				7F9A75C220FD8F87003F638D /* FHStudent+Test2.h */,
				7F9A75C020FD8F87003F638D /* FHStudent+Test2.m */,
			);
			path = "08-initialize";
			sourceTree = "<group>";
		};
		7FA9A6E120F5AAE0007B97E4 /* 02-OC对象-class对象 */ = {
			isa = PBXGroup;
			children = (
				7FA9A6E220F5AAE0007B97E4 /* main.m */,
			);
			path = "02-OC对象-class对象";
			sourceTree = "<group>";
		};
		7FA9A71820F6F44E007B97E4 /* 03-OC对象-探究方法的调用 */ = {
			isa = PBXGroup;
			children = (
				7FA9A71920F6F44E007B97E4 /* main.m */,
				7FA9A71E20F6FBB8007B97E4 /* NSObject+Test.h */,
				7FA9A71F20F6FBB8007B97E4 /* NSObject+Test.m */,
			);
			path = "03-OC对象-探究方法的调用";
			sourceTree = "<group>";
		};
		7FA9A73420F72525007B97E4 /* 04-KVO底层 */ = {
			isa = PBXGroup;
			children = (
				7FA9A72C20F723D6007B97E4 /* FHPerson.h */,
				7FA9A72D20F723D6007B97E4 /* FHPerson.m */,
				7FA9A74A20F72E7A007B97E4 /* NSKVONotifying_FHPerson.h */,
				7FA9A74B20F72E7A007B97E4 /* NSKVONotifying_FHPerson.m */,
				7FA9A73520F72525007B97E4 /* AppDelegate.h */,
				7FA9A73620F72525007B97E4 /* AppDelegate.m */,
				7FA9A73820F72525007B97E4 /* ViewController.h */,
				7FA9A73920F72525007B97E4 /* ViewController.m */,
				7FA9A73B20F72525007B97E4 /* Main.storyboard */,
				7FA9A73E20F72526007B97E4 /* Assets.xcassets */,
				7FA9A74020F72526007B97E4 /* LaunchScreen.storyboard */,
				7FA9A74320F72526007B97E4 /* Info.plist */,
				7FA9A74420F72526007B97E4 /* main.m */,
			);
			path = "04-KVO底层";
			sourceTree = "<group>";
		};
		7FAB8ED321070E7700A99669 /* 10-block */ = {
			isa = PBXGroup;
			children = (
				7FAB8ED421070E7700A99669 /* main.m */,
			);
			path = "10-block";
			sourceTree = "<group>";
		};
		7FAB8EE12107391300A99669 /* 11-block的类型 */ = {
			isa = PBXGroup;
			children = (
				7FAB8EE22107391300A99669 /* main.m */,
			);
			path = "11-block的类型";
			sourceTree = "<group>";
		};
		7FBB170D20F48830001A7577 = {
			isa = PBXGroup;
			children = (
				7FBB173420F48850001A7577 /* 01-OC对象 */,
				7FA9A6E120F5AAE0007B97E4 /* 02-OC对象-class对象 */,
				7FA9A71820F6F44E007B97E4 /* 03-OC对象-探究方法的调用 */,
				7FA9A73420F72525007B97E4 /* 04-KVO底层 */,
				8DE0A0A520FB3A80004CA173 /* 05-KVC底层 */,
				8DA678D220FCD0C60083AAED /* 06-Category */,
				7F9A758F20FD86CF003F638D /* 07-load */,
				7F9A75B820FD8F66003F638D /* 08-initialize */,
				7FF4A00C20FEDD1D00E2ED61 /* 09-关联属性 */,
				7FAB8ED321070E7700A99669 /* 10-block */,
				7FAB8EE12107391300A99669 /* 11-block的类型 */,
				7FBB171720F48830001A7577 /* Products */,
			);
			sourceTree = "<group>";
		};
		7FBB171720F48830001A7577 /* Products */ = {
			isa = PBXGroup;
			children = (
				7FBB173320F48850001A7577 /* 01-OC对象 */,
				7FA9A6E020F5AAE0007B97E4 /* 02-OC对象-class对象 */,
				7FA9A71720F6F44E007B97E4 /* 03-OC对象-探究方法的调用 */,
				7FA9A73320F72525007B97E4 /* 04-KVO底层.app */,
				8DE0A0A420FB3A80004CA173 /* 05-KVC底层.app */,
				8DA678D120FCD0C60083AAED /* 06-Category */,
				7F9A758E20FD86CF003F638D /* 07-load */,
				7F9A75B720FD8F66003F638D /* 08-initialize */,
				7FF4A00B20FEDD1C00E2ED61 /* 09-关联属性 */,
				7FAB8ED221070E7700A99669 /* 10-block */,
				7FAB8EE02107391300A99669 /* 11-block的类型 */,
			);
			name = Products;
			sourceTree = "<group>";
		};
		7FBB173420F48850001A7577 /* 01-OC对象 */ = {
			isa = PBXGroup;
			children = (
				7FBB173520F48850001A7577 /* main.m */,
			);
			path = "01-OC对象";
			sourceTree = "<group>";
		};
		7FF4A00C20FEDD1D00E2ED61 /* 09-关联属性 */ = {
			isa = PBXGroup;
			children = (
				7FF4A00D20FEDD1D00E2ED61 /* main.m */,
				7FF4A01220FEDD4700E2ED61 /* FHPerson.h */,
				7FF4A01320FEDD4700E2ED61 /* FHPerson.m */,
				7FF4A01520FEDFFA00E2ED61 /* FHPerson+Test.h */,
				7FF4A01620FEDFFA00E2ED61 /* FHPerson+Test.m */,
			);
			path = "09-关联属性";
			sourceTree = "<group>";
		};
		8DA678D220FCD0C60083AAED /* 06-Category */ = {
			isa = PBXGroup;
			children = (
				8DA678D320FCD0C60083AAED /* main.m */,
				8DA678D820FCD9A00083AAED /* FHPerson.h */,
				8DA678D920FCD9A00083AAED /* FHPerson.m */,
				8DA678E420FCE68C0083AAED /* FHPerson+Test.h */,
				8DA678E520FCE68C0083AAED /* FHPerson+Test.m */,
				8DA678E720FCE6C20083AAED /* FHPerson+Eat.h */,
				8DA678E820FCE6C20083AAED /* FHPerson+Eat.m */,
			);
			path = "06-Category";
			sourceTree = "<group>";
		};
		8DE0A0A520FB3A80004CA173 /* 05-KVC底层 */ = {
			isa = PBXGroup;
			children = (
				8DE0A0BD20FB3AEB004CA173 /* FHPerson.h */,
				8DE0A0BE20FB3AEB004CA173 /* FHPerson.m */,
				8DE0A0A620FB3A80004CA173 /* AppDelegate.h */,
				8DE0A0A720FB3A80004CA173 /* AppDelegate.m */,
				8DE0A0A920FB3A80004CA173 /* ViewController.h */,
				8DE0A0AA20FB3A80004CA173 /* ViewController.m */,
				8DE0A0AC20FB3A80004CA173 /* Main.storyboard */,
				8DE0A0AF20FB3A82004CA173 /* Assets.xcassets */,
				8DE0A0B120FB3A82004CA173 /* LaunchScreen.storyboard */,
				8DE0A0B420FB3A82004CA173 /* Info.plist */,
				8DE0A0B520FB3A82004CA173 /* main.m */,
			);
			path = "05-KVC底层";
			sourceTree = "<group>";
		};
/* End PBXGroup section */

/* Begin PBXNativeTarget section */
		7F9A758D20FD86CF003F638D /* 07-load */ = {
			isa = PBXNativeTarget;
			buildConfigurationList = 7F9A759420FD86CF003F638D /* Build configuration list for PBXNativeTarget "07-load" */;
			buildPhases = (
				7F9A758A20FD86CF003F638D /* Sources */,
				7F9A758B20FD86CF003F638D /* Frameworks */,
				7F9A758C20FD86CF003F638D /* CopyFiles */,
			);
			buildRules = (
			);
			dependencies = (
			);
			name = "07-load";
			productName = "07-load";
			productReference = 7F9A758E20FD86CF003F638D /* 07-load */;
			productType = "com.apple.product-type.tool";
		};
		7F9A75B620FD8F66003F638D /* 08-initialize */ = {
			isa = PBXNativeTarget;
			buildConfigurationList = 7F9A75BB20FD8F66003F638D /* Build configuration list for PBXNativeTarget "08-initialize" */;
			buildPhases = (
				7F9A75B320FD8F66003F638D /* Sources */,
				7F9A75B420FD8F66003F638D /* Frameworks */,
				7F9A75B520FD8F66003F638D /* CopyFiles */,
			);
			buildRules = (
			);
			dependencies = (
			);
			name = "08-initialize";
			productName = "08-initialize";
			productReference = 7F9A75B720FD8F66003F638D /* 08-initialize */;
			productType = "com.apple.product-type.tool";
		};
		7FA9A6DF20F5AAE0007B97E4 /* 02-OC对象-class对象 */ = {
			isa = PBXNativeTarget;
			buildConfigurationList = 7FA9A6E420F5AAE0007B97E4 /* Build configuration list for PBXNativeTarget "02-OC对象-class对象" */;
			buildPhases = (
				7FA9A6DC20F5AAE0007B97E4 /* Sources */,
				7FA9A6DD20F5AAE0007B97E4 /* Frameworks */,
				7FA9A6DE20F5AAE0007B97E4 /* CopyFiles */,
			);
			buildRules = (
			);
			dependencies = (
			);
			name = "02-OC对象-class对象";
			productName = "02-OC对象-class对象";
			productReference = 7FA9A6E020F5AAE0007B97E4 /* 02-OC对象-class对象 */;
			productType = "com.apple.product-type.tool";
		};
		7FA9A71620F6F44E007B97E4 /* 03-OC对象-探究方法的调用 */ = {
			isa = PBXNativeTarget;
			buildConfigurationList = 7FA9A71D20F6F44E007B97E4 /* Build configuration list for PBXNativeTarget "03-OC对象-探究方法的调用" */;
			buildPhases = (
				7FA9A71320F6F44E007B97E4 /* Sources */,
				7FA9A71420F6F44E007B97E4 /* Frameworks */,
				7FA9A71520F6F44E007B97E4 /* CopyFiles */,
			);
			buildRules = (
			);
			dependencies = (
			);
			name = "03-OC对象-探究方法的调用";
			productName = "03-OC对象-探究方法的调用";
			productReference = 7FA9A71720F6F44E007B97E4 /* 03-OC对象-探究方法的调用 */;
			productType = "com.apple.product-type.tool";
		};
		7FA9A73220F72525007B97E4 /* 04-KVO底层 */ = {
			isa = PBXNativeTarget;
			buildConfigurationList = 7FA9A74620F72526007B97E4 /* Build configuration list for PBXNativeTarget "04-KVO底层" */;
			buildPhases = (
				7FA9A72F20F72525007B97E4 /* Sources */,
				7FA9A73020F72525007B97E4 /* Frameworks */,
				7FA9A73120F72525007B97E4 /* Resources */,
			);
			buildRules = (
			);
			dependencies = (
			);
			name = "04-KVO底层";
			productName = "04-KVO底层";
			productReference = 7FA9A73320F72525007B97E4 /* 04-KVO底层.app */;
			productType = "com.apple.product-type.application";
		};
		7FAB8ED121070E7700A99669 /* 10-block */ = {
			isa = PBXNativeTarget;
			buildConfigurationList = 7FAB8ED821070E7700A99669 /* Build configuration list for PBXNativeTarget "10-block" */;
			buildPhases = (
				7FAB8ECE21070E7700A99669 /* Sources */,
				7FAB8ECF21070E7700A99669 /* Frameworks */,
				7FAB8ED021070E7700A99669 /* CopyFiles */,
			);
			buildRules = (
			);
			dependencies = (
			);
			name = "10-block";
			productName = "10-block";
			productReference = 7FAB8ED221070E7700A99669 /* 10-block */;
			productType = "com.apple.product-type.tool";
		};
		7FAB8EDF2107391300A99669 /* 11-block的类型 */ = {
			isa = PBXNativeTarget;
			buildConfigurationList = 7FAB8EE42107391300A99669 /* Build configuration list for PBXNativeTarget "11-block的类型" */;
			buildPhases = (
				7FAB8EDC2107391300A99669 /* Sources */,
				7FAB8EDD2107391300A99669 /* Frameworks */,
				7FAB8EDE2107391300A99669 /* CopyFiles */,
			);
			buildRules = (
			);
			dependencies = (
			);
			name = "11-block的类型";
			productName = "11-block的类型";
			productReference = 7FAB8EE02107391300A99669 /* 11-block的类型 */;
			productType = "com.apple.product-type.tool";
		};
		7FBB173220F48850001A7577 /* 01-OC对象 */ = {
			isa = PBXNativeTarget;
			buildConfigurationList = 7FBB173720F48850001A7577 /* Build configuration list for PBXNativeTarget "01-OC对象" */;
			buildPhases = (
				7FBB172F20F48850001A7577 /* Sources */,
				7FBB173020F48850001A7577 /* Frameworks */,
				7FBB173120F48850001A7577 /* CopyFiles */,
			);
			buildRules = (
			);
			dependencies = (
			);
			name = "01-OC对象";
			productName = "01-OC对象";
			productReference = 7FBB173320F48850001A7577 /* 01-OC对象 */;
			productType = "com.apple.product-type.tool";
		};
		7FF4A00A20FEDD1C00E2ED61 /* 09-关联属性 */ = {
			isa = PBXNativeTarget;
			buildConfigurationList = 7FF4A00F20FEDD1D00E2ED61 /* Build configuration list for PBXNativeTarget "09-关联属性" */;
			buildPhases = (
				7FF4A00720FEDD1C00E2ED61 /* Sources */,
				7FF4A00820FEDD1C00E2ED61 /* Frameworks */,
				7FF4A00920FEDD1C00E2ED61 /* CopyFiles */,
			);
			buildRules = (
			);
			dependencies = (
			);
			name = "09-关联属性";
			productName = "09-关联属性";
			productReference = 7FF4A00B20FEDD1C00E2ED61 /* 09-关联属性 */;
			productType = "com.apple.product-type.tool";
		};
		8DA678D020FCD0C60083AAED /* 06-Category */ = {
			isa = PBXNativeTarget;
			buildConfigurationList = 8DA678D720FCD0C60083AAED /* Build configuration list for PBXNativeTarget "06-Category" */;
			buildPhases = (
				8DA678CD20FCD0C60083AAED /* Sources */,
				8DA678CE20FCD0C60083AAED /* Frameworks */,
				8DA678CF20FCD0C60083AAED /* CopyFiles */,
			);
			buildRules = (
			);
			dependencies = (
			);
			name = "06-Category";
			productName = "06-Category";
			productReference = 8DA678D120FCD0C60083AAED /* 06-Category */;
			productType = "com.apple.product-type.tool";
		};
		8DE0A0A320FB3A80004CA173 /* 05-KVC底层 */ = {
			isa = PBXNativeTarget;
			buildConfigurationList = 8DE0A0B720FB3A82004CA173 /* Build configuration list for PBXNativeTarget "05-KVC底层" */;
			buildPhases = (
				8DE0A0A020FB3A80004CA173 /* Sources */,
				8DE0A0A120FB3A80004CA173 /* Frameworks */,
				8DE0A0A220FB3A80004CA173 /* Resources */,
			);
			buildRules = (
			);
			dependencies = (
			);
			name = "05-KVC底层";
			productName = "05-KVC底层";
			productReference = 8DE0A0A420FB3A80004CA173 /* 05-KVC底层.app */;
			productType = "com.apple.product-type.application";
		};
/* End PBXNativeTarget section */

/* Begin PBXProject section */
		7FBB170E20F48830001A7577 /* Project object */ = {
			isa = PBXProject;
			attributes = {
				CLASSPREFIX = FH;
				LastSwiftUpdateCheck = 0940;
				LastUpgradeCheck = 0940;
				ORGANIZATIONNAME = wangfh;
				TargetAttributes = {
					7F9A758D20FD86CF003F638D = {
						CreatedOnToolsVersion = 9.4.1;
					};
					7F9A75B620FD8F66003F638D = {
						CreatedOnToolsVersion = 9.4.1;
					};
					7FA9A6DF20F5AAE0007B97E4 = {
						CreatedOnToolsVersion = 9.4.1;
					};
					7FA9A71620F6F44E007B97E4 = {
						CreatedOnToolsVersion = 9.4.1;
					};
					7FA9A73220F72525007B97E4 = {
						CreatedOnToolsVersion = 9.4.1;
					};
					7FAB8ED121070E7700A99669 = {
						CreatedOnToolsVersion = 9.4.1;
					};
					7FAB8EDF2107391300A99669 = {
						CreatedOnToolsVersion = 9.4.1;
					};
					7FBB173220F48850001A7577 = {
						CreatedOnToolsVersion = 9.4.1;
					};
					7FF4A00A20FEDD1C00E2ED61 = {
						CreatedOnToolsVersion = 9.4.1;
					};
					8DA678D020FCD0C60083AAED = {
						CreatedOnToolsVersion = 9.4.1;
					};
					8DE0A0A320FB3A80004CA173 = {
						CreatedOnToolsVersion = 9.4.1;
					};
				};
			};
			buildConfigurationList = 7FBB171120F48830001A7577 /* Build configuration list for PBXProject "OCResearch" */;
			compatibilityVersion = "Xcode 9.3";
			developmentRegion = en;
			hasScannedForEncodings = 0;
			knownRegions = (
				en,
				Base,
			);
			mainGroup = 7FBB170D20F48830001A7577;
			productRefGroup = 7FBB171720F48830001A7577 /* Products */;
			projectDirPath = "";
			projectRoot = "";
			targets = (
				7FBB173220F48850001A7577 /* 01-OC对象 */,
				7FA9A6DF20F5AAE0007B97E4 /* 02-OC对象-class对象 */,
				7FA9A71620F6F44E007B97E4 /* 03-OC对象-探究方法的调用 */,
				7FA9A73220F72525007B97E4 /* 04-KVO底层 */,
				8DE0A0A320FB3A80004CA173 /* 05-KVC底层 */,
				8DA678D020FCD0C60083AAED /* 06-Category */,
				7F9A758D20FD86CF003F638D /* 07-load */,
				7F9A75B620FD8F66003F638D /* 08-initialize */,
				7FF4A00A20FEDD1C00E2ED61 /* 09-关联属性 */,
				7FAB8ED121070E7700A99669 /* 10-block */,
				7FAB8EDF2107391300A99669 /* 11-block的类型 */,
			);
		};
/* End PBXProject section */

/* Begin PBXResourcesBuildPhase section */
		7FA9A73120F72525007B97E4 /* Resources */ = {
			isa = PBXResourcesBuildPhase;
			buildActionMask = 2147483647;
			files = (
				7FA9A74220F72526007B97E4 /* LaunchScreen.storyboard in Resources */,
				7FA9A73F20F72526007B97E4 /* Assets.xcassets in Resources */,
				7FA9A73D20F72525007B97E4 /* Main.storyboard in Resources */,
			);
			runOnlyForDeploymentPostprocessing = 0;
		};
		8DE0A0A220FB3A80004CA173 /* Resources */ = {
			isa = PBXResourcesBuildPhase;
			buildActionMask = 2147483647;
			files = (
				8DE0A0B320FB3A82004CA173 /* LaunchScreen.storyboard in Resources */,
				8DE0A0B020FB3A82004CA173 /* Assets.xcassets in Resources */,
				8DE0A0AE20FB3A80004CA173 /* Main.storyboard in Resources */,
			);
			runOnlyForDeploymentPostprocessing = 0;
		};
/* End PBXResourcesBuildPhase section */

/* Begin PBXSourcesBuildPhase section */
		7F9A758A20FD86CF003F638D /* Sources */ = {
			isa = PBXSourcesBuildPhase;
			buildActionMask = 2147483647;
			files = (
				7F9A75AF20FD8A3D003F638D /* FHDog.m in Sources */,
				7F9A75A620FD898A003F638D /* FHPerson+Test2.m in Sources */,
				7F9A75A320FD897B003F638D /* FHPerson+Test1.m in Sources */,
				7F9A759720FD86E8003F638D /* FHPerson.m in Sources */,
				7F9A75AC20FD89A3003F638D /* FHStudent+Test2.m in Sources */,
				7F9A75A920FD8997003F638D /* FHStudent+Test1.m in Sources */,
				7F9A75A020FD87D3003F638D /* FHStudent.m in Sources */,
				7F9A759120FD86CF003F638D /* main.m in Sources */,
				7F9A75B220FD8A44003F638D /* FHCat.m in Sources */,
			);
			runOnlyForDeploymentPostprocessing = 0;
		};
		7F9A75B320FD8F66003F638D /* Sources */ = {
			isa = PBXSourcesBuildPhase;
			buildActionMask = 2147483647;
			files = (
				7F9A75D520FD8F87003F638D /* FHCat.m in Sources */,
				7F9A75D120FD8F87003F638D /* FHStudent.m in Sources */,
				7F9A75D320FD8F87003F638D /* FHDog.m in Sources */,
				7F9A75CF20FD8F87003F638D /* FHPerson+Test1.m in Sources */,
				7F9A75CE20FD8F87003F638D /* FHStudent+Test2.m in Sources */,
				7F9A75D220FD8F87003F638D /* FHStudent+Test1.m in Sources */,
				7F9A75D420FD8F87003F638D /* FHPerson+Test2.m in Sources */,
				7F9A75D020FD8F87003F638D /* FHPerson.m in Sources */,
				7F9A75BA20FD8F66003F638D /* main.m in Sources */,
			);
			runOnlyForDeploymentPostprocessing = 0;
		};
		7FA9A6DC20F5AAE0007B97E4 /* Sources */ = {
			isa = PBXSourcesBuildPhase;
			buildActionMask = 2147483647;
			files = (
				7FA9A6E320F5AAE0007B97E4 /* main.m in Sources */,
			);
			runOnlyForDeploymentPostprocessing = 0;
		};
		7FA9A71320F6F44E007B97E4 /* Sources */ = {
			isa = PBXSourcesBuildPhase;
			buildActionMask = 2147483647;
			files = (
				7FA9A71A20F6F44E007B97E4 /* main.m in Sources */,
				7FA9A72020F6FBB8007B97E4 /* NSObject+Test.m in Sources */,
			);
			runOnlyForDeploymentPostprocessing = 0;
		};
		7FA9A72F20F72525007B97E4 /* Sources */ = {
			isa = PBXSourcesBuildPhase;
			buildActionMask = 2147483647;
			files = (
				7FA9A73A20F72525007B97E4 /* ViewController.m in Sources */,
				7FA9A74C20F72E7A007B97E4 /* NSKVONotifying_FHPerson.m in Sources */,
				7FA9A74520F72526007B97E4 /* main.m in Sources */,
				7FA9A74920F72549007B97E4 /* FHPerson.m in Sources */,
				7FA9A73720F72525007B97E4 /* AppDelegate.m in Sources */,
			);
			runOnlyForDeploymentPostprocessing = 0;
		};
		7FAB8ECE21070E7700A99669 /* Sources */ = {
			isa = PBXSourcesBuildPhase;
			buildActionMask = 2147483647;
			files = (
				7FAB8ED521070E7700A99669 /* main.m in Sources */,
			);
			runOnlyForDeploymentPostprocessing = 0;
		};
		7FAB8EDC2107391300A99669 /* Sources */ = {
			isa = PBXSourcesBuildPhase;
			buildActionMask = 2147483647;
			files = (
				7FAB8EE32107391300A99669 /* main.m in Sources */,
			);
			runOnlyForDeploymentPostprocessing = 0;
		};
		7FBB172F20F48850001A7577 /* Sources */ = {
			isa = PBXSourcesBuildPhase;
			buildActionMask = 2147483647;
			files = (
				7FBB173620F48850001A7577 /* main.m in Sources */,
			);
			runOnlyForDeploymentPostprocessing = 0;
		};
		7FF4A00720FEDD1C00E2ED61 /* Sources */ = {
			isa = PBXSourcesBuildPhase;
			buildActionMask = 2147483647;
			files = (
				7FF4A01420FEDD4700E2ED61 /* FHPerson.m in Sources */,
				7FF4A01720FEDFFA00E2ED61 /* FHPerson+Test.m in Sources */,
				7FF4A00E20FEDD1D00E2ED61 /* main.m in Sources */,
			);
			runOnlyForDeploymentPostprocessing = 0;
		};
		8DA678CD20FCD0C60083AAED /* Sources */ = {
			isa = PBXSourcesBuildPhase;
			buildActionMask = 2147483647;
			files = (
				8DA678DA20FCD9A00083AAED /* FHPerson.m in Sources */,
				8DA678E620FCE68C0083AAED /* FHPerson+Test.m in Sources */,
				8DA678D420FCD0C60083AAED /* main.m in Sources */,
				8DA678E920FCE6C20083AAED /* FHPerson+Eat.m in Sources */,
			);
			runOnlyForDeploymentPostprocessing = 0;
		};
		8DE0A0A020FB3A80004CA173 /* Sources */ = {
			isa = PBXSourcesBuildPhase;
			buildActionMask = 2147483647;
			files = (
				8DE0A0AB20FB3A80004CA173 /* ViewController.m in Sources */,
				8DE0A0B620FB3A82004CA173 /* main.m in Sources */,
				8DE0A0BF20FB3AEB004CA173 /* FHPerson.m in Sources */,
				8DE0A0A820FB3A80004CA173 /* AppDelegate.m in Sources */,
			);
			runOnlyForDeploymentPostprocessing = 0;
		};
/* End PBXSourcesBuildPhase section */

/* Begin PBXVariantGroup section */
		7FA9A73B20F72525007B97E4 /* Main.storyboard */ = {
			isa = PBXVariantGroup;
			children = (
				7FA9A73C20F72525007B97E4 /* Base */,
			);
			name = Main.storyboard;
			sourceTree = "<group>";
		};
		7FA9A74020F72526007B97E4 /* LaunchScreen.storyboard */ = {
			isa = PBXVariantGroup;
			children = (
				7FA9A74120F72526007B97E4 /* Base */,
			);
			name = LaunchScreen.storyboard;
			sourceTree = "<group>";
		};
		8DE0A0AC20FB3A80004CA173 /* Main.storyboard */ = {
			isa = PBXVariantGroup;
			children = (
				8DE0A0AD20FB3A80004CA173 /* Base */,
			);
			name = Main.storyboard;
			sourceTree = "<group>";
		};
		8DE0A0B120FB3A82004CA173 /* LaunchScreen.storyboard */ = {
			isa = PBXVariantGroup;
			children = (
				8DE0A0B220FB3A82004CA173 /* Base */,
			);
			name = LaunchScreen.storyboard;
			sourceTree = "<group>";
		};
/* End PBXVariantGroup section */

/* Begin XCBuildConfiguration section */
		7F9A759220FD86CF003F638D /* Debug */ = {
			isa = XCBuildConfiguration;
			buildSettings = {
				CODE_SIGN_IDENTITY = "-";
				CODE_SIGN_STYLE = Automatic;
				MACOSX_DEPLOYMENT_TARGET = 10.13;
				PRODUCT_NAME = "$(TARGET_NAME)";
				SDKROOT = macosx;
			};
			name = Debug;
		};
		7F9A759320FD86CF003F638D /* Release */ = {
			isa = XCBuildConfiguration;
			buildSettings = {
				CODE_SIGN_IDENTITY = "-";
				CODE_SIGN_STYLE = Automatic;
				MACOSX_DEPLOYMENT_TARGET = 10.13;
				PRODUCT_NAME = "$(TARGET_NAME)";
				SDKROOT = macosx;
			};
			name = Release;
		};
		7F9A75BC20FD8F66003F638D /* Debug */ = {
			isa = XCBuildConfiguration;
			buildSettings = {
				CODE_SIGN_IDENTITY = "-";
				CODE_SIGN_STYLE = Automatic;
				MACOSX_DEPLOYMENT_TARGET = 10.13;
				PRODUCT_NAME = "$(TARGET_NAME)";
				SDKROOT = macosx;
			};
			name = Debug;
		};
		7F9A75BD20FD8F66003F638D /* Release */ = {
			isa = XCBuildConfiguration;
			buildSettings = {
				CODE_SIGN_IDENTITY = "-";
				CODE_SIGN_STYLE = Automatic;
				MACOSX_DEPLOYMENT_TARGET = 10.13;
				PRODUCT_NAME = "$(TARGET_NAME)";
				SDKROOT = macosx;
			};
			name = Release;
		};
		7FA9A6E520F5AAE0007B97E4 /* Debug */ = {
			isa = XCBuildConfiguration;
			buildSettings = {
				CODE_SIGN_IDENTITY = "-";
				CODE_SIGN_STYLE = Automatic;
				MACOSX_DEPLOYMENT_TARGET = 10.13;
				PRODUCT_NAME = "$(TARGET_NAME)";
				SDKROOT = macosx;
			};
			name = Debug;
		};
		7FA9A6E620F5AAE0007B97E4 /* Release */ = {
			isa = XCBuildConfiguration;
			buildSettings = {
				CODE_SIGN_IDENTITY = "-";
				CODE_SIGN_STYLE = Automatic;
				MACOSX_DEPLOYMENT_TARGET = 10.13;
				PRODUCT_NAME = "$(TARGET_NAME)";
				SDKROOT = macosx;
			};
			name = Release;
		};
		7FA9A71B20F6F44E007B97E4 /* Debug */ = {
			isa = XCBuildConfiguration;
			buildSettings = {
				CODE_SIGN_IDENTITY = "-";
				CODE_SIGN_STYLE = Automatic;
				MACOSX_DEPLOYMENT_TARGET = 10.13;
				PRODUCT_NAME = "$(TARGET_NAME)";
				SDKROOT = macosx;
			};
			name = Debug;
		};
		7FA9A71C20F6F44E007B97E4 /* Release */ = {
			isa = XCBuildConfiguration;
			buildSettings = {
				CODE_SIGN_IDENTITY = "-";
				CODE_SIGN_STYLE = Automatic;
				MACOSX_DEPLOYMENT_TARGET = 10.13;
				PRODUCT_NAME = "$(TARGET_NAME)";
				SDKROOT = macosx;
			};
			name = Release;
		};
		7FA9A74720F72526007B97E4 /* Debug */ = {
			isa = XCBuildConfiguration;
			buildSettings = {
				ASSETCATALOG_COMPILER_APPICON_NAME = AppIcon;
				CODE_SIGN_STYLE = Automatic;
				INFOPLIST_FILE = "04-KVO底层/Info.plist";
				IPHONEOS_DEPLOYMENT_TARGET = 11.4;
				LD_RUNPATH_SEARCH_PATHS = (
					"$(inherited)",
					"@executable_path/Frameworks",
				);
				PRODUCT_BUNDLE_IDENTIFIER = "com.qlk.CloudsOutpatient.-4-KVO--";
				PRODUCT_NAME = "$(TARGET_NAME)";
				TARGETED_DEVICE_FAMILY = "1,2";
			};
			name = Debug;
		};
		7FA9A74820F72526007B97E4 /* Release */ = {
			isa = XCBuildConfiguration;
			buildSettings = {
				ASSETCATALOG_COMPILER_APPICON_NAME = AppIcon;
				CODE_SIGN_STYLE = Automatic;
				INFOPLIST_FILE = "04-KVO底层/Info.plist";
				IPHONEOS_DEPLOYMENT_TARGET = 11.4;
				LD_RUNPATH_SEARCH_PATHS = (
					"$(inherited)",
					"@executable_path/Frameworks",
				);
				PRODUCT_BUNDLE_IDENTIFIER = "com.qlk.CloudsOutpatient.-4-KVO--";
				PRODUCT_NAME = "$(TARGET_NAME)";
				TARGETED_DEVICE_FAMILY = "1,2";
			};
			name = Release;
		};
		7FAB8ED621070E7700A99669 /* Debug */ = {
			isa = XCBuildConfiguration;
			buildSettings = {
				CODE_SIGN_IDENTITY = "-";
				CODE_SIGN_STYLE = Automatic;
				MACOSX_DEPLOYMENT_TARGET = 10.13;
				PRODUCT_NAME = "$(TARGET_NAME)";
				SDKROOT = macosx;
			};
			name = Debug;
		};
		7FAB8ED721070E7700A99669 /* Release */ = {
			isa = XCBuildConfiguration;
			buildSettings = {
				CODE_SIGN_IDENTITY = "-";
				CODE_SIGN_STYLE = Automatic;
				MACOSX_DEPLOYMENT_TARGET = 10.13;
				PRODUCT_NAME = "$(TARGET_NAME)";
				SDKROOT = macosx;
			};
			name = Release;
		};
		7FAB8EE52107391300A99669 /* Debug */ = {
			isa = XCBuildConfiguration;
			buildSettings = {
				CODE_SIGN_IDENTITY = "-";
				CODE_SIGN_STYLE = Automatic;
				MACOSX_DEPLOYMENT_TARGET = 10.13;
				PRODUCT_NAME = "$(TARGET_NAME)";
				SDKROOT = macosx;
			};
			name = Debug;
		};
		7FAB8EE62107391300A99669 /* Release */ = {
			isa = XCBuildConfiguration;
			buildSettings = {
				CODE_SIGN_IDENTITY = "-";
				CODE_SIGN_STYLE = Automatic;
				MACOSX_DEPLOYMENT_TARGET = 10.13;
				PRODUCT_NAME = "$(TARGET_NAME)";
				SDKROOT = macosx;
			};
			name = Release;
		};
		7FBB172A20F48831001A7577 /* Debug */ = {
			isa = XCBuildConfiguration;
			buildSettings = {
				ALWAYS_SEARCH_USER_PATHS = NO;
				CLANG_ANALYZER_NONNULL = YES;
				CLANG_ANALYZER_NUMBER_OBJECT_CONVERSION = YES_AGGRESSIVE;
				CLANG_CXX_LANGUAGE_STANDARD = "gnu++14";
				CLANG_CXX_LIBRARY = "libc++";
				CLANG_ENABLE_MODULES = YES;
				CLANG_ENABLE_OBJC_ARC = YES;
				CLANG_ENABLE_OBJC_WEAK = YES;
				CLANG_WARN_BLOCK_CAPTURE_AUTORELEASING = YES;
				CLANG_WARN_BOOL_CONVERSION = YES;
				CLANG_WARN_COMMA = YES;
				CLANG_WARN_CONSTANT_CONVERSION = YES;
				CLANG_WARN_DEPRECATED_OBJC_IMPLEMENTATIONS = YES;
				CLANG_WARN_DIRECT_OBJC_ISA_USAGE = YES_ERROR;
				CLANG_WARN_DOCUMENTATION_COMMENTS = YES;
				CLANG_WARN_EMPTY_BODY = YES;
				CLANG_WARN_ENUM_CONVERSION = YES;
				CLANG_WARN_INFINITE_RECURSION = YES;
				CLANG_WARN_INT_CONVERSION = YES;
				CLANG_WARN_NON_LITERAL_NULL_CONVERSION = YES;
				CLANG_WARN_OBJC_IMPLICIT_RETAIN_SELF = YES;
				CLANG_WARN_OBJC_LITERAL_CONVERSION = YES;
				CLANG_WARN_OBJC_ROOT_CLASS = YES_ERROR;
				CLANG_WARN_RANGE_LOOP_ANALYSIS = YES;
				CLANG_WARN_STRICT_PROTOTYPES = YES;
				CLANG_WARN_SUSPICIOUS_MOVE = YES;
				CLANG_WARN_UNGUARDED_AVAILABILITY = YES_AGGRESSIVE;
				CLANG_WARN_UNREACHABLE_CODE = YES;
				CLANG_WARN__DUPLICATE_METHOD_MATCH = YES;
				CODE_SIGN_IDENTITY = "iPhone Developer";
				COPY_PHASE_STRIP = NO;
				DEBUG_INFORMATION_FORMAT = dwarf;
				ENABLE_STRICT_OBJC_MSGSEND = YES;
				ENABLE_TESTABILITY = YES;
				GCC_C_LANGUAGE_STANDARD = gnu11;
				GCC_DYNAMIC_NO_PIC = NO;
				GCC_NO_COMMON_BLOCKS = YES;
				GCC_OPTIMIZATION_LEVEL = 0;
				GCC_PREPROCESSOR_DEFINITIONS = (
					"DEBUG=1",
					"$(inherited)",
				);
				GCC_WARN_64_TO_32_BIT_CONVERSION = YES;
				GCC_WARN_ABOUT_RETURN_TYPE = YES_ERROR;
				GCC_WARN_UNDECLARED_SELECTOR = YES;
				GCC_WARN_UNINITIALIZED_AUTOS = YES_AGGRESSIVE;
				GCC_WARN_UNUSED_FUNCTION = YES;
				GCC_WARN_UNUSED_VARIABLE = YES;
				IPHONEOS_DEPLOYMENT_TARGET = 8.0;
				MTL_ENABLE_DEBUG_INFO = YES;
				ONLY_ACTIVE_ARCH = YES;
				SDKROOT = iphoneos;
			};
			name = Debug;
		};
		7FBB172B20F48831001A7577 /* Release */ = {
			isa = XCBuildConfiguration;
			buildSettings = {
				ALWAYS_SEARCH_USER_PATHS = NO;
				CLANG_ANALYZER_NONNULL = YES;
				CLANG_ANALYZER_NUMBER_OBJECT_CONVERSION = YES_AGGRESSIVE;
				CLANG_CXX_LANGUAGE_STANDARD = "gnu++14";
				CLANG_CXX_LIBRARY = "libc++";
				CLANG_ENABLE_MODULES = YES;
				CLANG_ENABLE_OBJC_ARC = YES;
				CLANG_ENABLE_OBJC_WEAK = YES;
				CLANG_WARN_BLOCK_CAPTURE_AUTORELEASING = YES;
				CLANG_WARN_BOOL_CONVERSION = YES;
				CLANG_WARN_COMMA = YES;
				CLANG_WARN_CONSTANT_CONVERSION = YES;
				CLANG_WARN_DEPRECATED_OBJC_IMPLEMENTATIONS = YES;
				CLANG_WARN_DIRECT_OBJC_ISA_USAGE = YES_ERROR;
				CLANG_WARN_DOCUMENTATION_COMMENTS = YES;
				CLANG_WARN_EMPTY_BODY = YES;
				CLANG_WARN_ENUM_CONVERSION = YES;
				CLANG_WARN_INFINITE_RECURSION = YES;
				CLANG_WARN_INT_CONVERSION = YES;
				CLANG_WARN_NON_LITERAL_NULL_CONVERSION = YES;
				CLANG_WARN_OBJC_IMPLICIT_RETAIN_SELF = YES;
				CLANG_WARN_OBJC_LITERAL_CONVERSION = YES;
				CLANG_WARN_OBJC_ROOT_CLASS = YES_ERROR;
				CLANG_WARN_RANGE_LOOP_ANALYSIS = YES;
				CLANG_WARN_STRICT_PROTOTYPES = YES;
				CLANG_WARN_SUSPICIOUS_MOVE = YES;
				CLANG_WARN_UNGUARDED_AVAILABILITY = YES_AGGRESSIVE;
				CLANG_WARN_UNREACHABLE_CODE = YES;
				CLANG_WARN__DUPLICATE_METHOD_MATCH = YES;
				CODE_SIGN_IDENTITY = "iPhone Developer";
				COPY_PHASE_STRIP = NO;
				DEBUG_INFORMATION_FORMAT = "dwarf-with-dsym";
				ENABLE_NS_ASSERTIONS = NO;
				ENABLE_STRICT_OBJC_MSGSEND = YES;
				GCC_C_LANGUAGE_STANDARD = gnu11;
				GCC_NO_COMMON_BLOCKS = YES;
				GCC_WARN_64_TO_32_BIT_CONVERSION = YES;
				GCC_WARN_ABOUT_RETURN_TYPE = YES_ERROR;
				GCC_WARN_UNDECLARED_SELECTOR = YES;
				GCC_WARN_UNINITIALIZED_AUTOS = YES_AGGRESSIVE;
				GCC_WARN_UNUSED_FUNCTION = YES;
				GCC_WARN_UNUSED_VARIABLE = YES;
				IPHONEOS_DEPLOYMENT_TARGET = 8.0;
				MTL_ENABLE_DEBUG_INFO = NO;
				SDKROOT = iphoneos;
				VALIDATE_PRODUCT = YES;
			};
			name = Release;
		};
		7FBB173820F48850001A7577 /* Debug */ = {
			isa = XCBuildConfiguration;
			buildSettings = {
				CODE_SIGN_IDENTITY = "-";
				CODE_SIGN_STYLE = Automatic;
				MACOSX_DEPLOYMENT_TARGET = 10.13;
				PRODUCT_NAME = "$(TARGET_NAME)";
				SDKROOT = macosx;
			};
			name = Debug;
		};
		7FBB173920F48850001A7577 /* Release */ = {
			isa = XCBuildConfiguration;
			buildSettings = {
				CODE_SIGN_IDENTITY = "-";
				CODE_SIGN_STYLE = Automatic;
				MACOSX_DEPLOYMENT_TARGET = 10.13;
				PRODUCT_NAME = "$(TARGET_NAME)";
				SDKROOT = macosx;
			};
			name = Release;
		};
		7FF4A01020FEDD1D00E2ED61 /* Debug */ = {
			isa = XCBuildConfiguration;
			buildSettings = {
				CODE_SIGN_IDENTITY = "-";
				CODE_SIGN_STYLE = Automatic;
				MACOSX_DEPLOYMENT_TARGET = 10.13;
				PRODUCT_NAME = "$(TARGET_NAME)";
				SDKROOT = macosx;
			};
			name = Debug;
		};
		7FF4A01120FEDD1D00E2ED61 /* Release */ = {
			isa = XCBuildConfiguration;
			buildSettings = {
				CODE_SIGN_IDENTITY = "-";
				CODE_SIGN_STYLE = Automatic;
				MACOSX_DEPLOYMENT_TARGET = 10.13;
				PRODUCT_NAME = "$(TARGET_NAME)";
				SDKROOT = macosx;
			};
			name = Release;
		};
		8DA678D520FCD0C60083AAED /* Debug */ = {
			isa = XCBuildConfiguration;
			buildSettings = {
				CODE_SIGN_IDENTITY = "-";
				CODE_SIGN_STYLE = Automatic;
				MACOSX_DEPLOYMENT_TARGET = 10.13;
				PRODUCT_NAME = "$(TARGET_NAME)";
				SDKROOT = macosx;
			};
			name = Debug;
		};
		8DA678D620FCD0C60083AAED /* Release */ = {
			isa = XCBuildConfiguration;
			buildSettings = {
				CODE_SIGN_IDENTITY = "-";
				CODE_SIGN_STYLE = Automatic;
				MACOSX_DEPLOYMENT_TARGET = 10.13;
				PRODUCT_NAME = "$(TARGET_NAME)";
				SDKROOT = macosx;
			};
			name = Release;
		};
		8DE0A0B820FB3A82004CA173 /* Debug */ = {
			isa = XCBuildConfiguration;
			buildSettings = {
				ASSETCATALOG_COMPILER_APPICON_NAME = AppIcon;
				CODE_SIGN_STYLE = Automatic;
				INFOPLIST_FILE = "05-KVC底层/Info.plist";
				IPHONEOS_DEPLOYMENT_TARGET = 11.4;
				LD_RUNPATH_SEARCH_PATHS = (
					"$(inherited)",
					"@executable_path/Frameworks",
				);
				PRODUCT_BUNDLE_IDENTIFIER = "com.wfh.-5-KVC--";
				PRODUCT_NAME = "$(TARGET_NAME)";
				TARGETED_DEVICE_FAMILY = "1,2";
			};
			name = Debug;
		};
		8DE0A0B920FB3A82004CA173 /* Release */ = {
			isa = XCBuildConfiguration;
			buildSettings = {
				ASSETCATALOG_COMPILER_APPICON_NAME = AppIcon;
				CODE_SIGN_STYLE = Automatic;
				INFOPLIST_FILE = "05-KVC底层/Info.plist";
				IPHONEOS_DEPLOYMENT_TARGET = 11.4;
				LD_RUNPATH_SEARCH_PATHS = (
					"$(inherited)",
					"@executable_path/Frameworks",
				);
				PRODUCT_BUNDLE_IDENTIFIER = "com.wfh.-5-KVC--";
				PRODUCT_NAME = "$(TARGET_NAME)";
				TARGETED_DEVICE_FAMILY = "1,2";
			};
			name = Release;
		};
/* End XCBuildConfiguration section */

/* Begin XCConfigurationList section */
		7F9A759420FD86CF003F638D /* Build configuration list for PBXNativeTarget "07-load" */ = {
			isa = XCConfigurationList;
			buildConfigurations = (
				7F9A759220FD86CF003F638D /* Debug */,
				7F9A759320FD86CF003F638D /* Release */,
			);
			defaultConfigurationIsVisible = 0;
			defaultConfigurationName = Release;
		};
		7F9A75BB20FD8F66003F638D /* Build configuration list for PBXNativeTarget "08-initialize" */ = {
			isa = XCConfigurationList;
			buildConfigurations = (
				7F9A75BC20FD8F66003F638D /* Debug */,
				7F9A75BD20FD8F66003F638D /* Release */,
			);
			defaultConfigurationIsVisible = 0;
			defaultConfigurationName = Release;
		};
		7FA9A6E420F5AAE0007B97E4 /* Build configuration list for PBXNativeTarget "02-OC对象-class对象" */ = {
			isa = XCConfigurationList;
			buildConfigurations = (
				7FA9A6E520F5AAE0007B97E4 /* Debug */,
				7FA9A6E620F5AAE0007B97E4 /* Release */,
			);
			defaultConfigurationIsVisible = 0;
			defaultConfigurationName = Release;
		};
		7FA9A71D20F6F44E007B97E4 /* Build configuration list for PBXNativeTarget "03-OC对象-探究方法的调用" */ = {
			isa = XCConfigurationList;
			buildConfigurations = (
				7FA9A71B20F6F44E007B97E4 /* Debug */,
				7FA9A71C20F6F44E007B97E4 /* Release */,
			);
			defaultConfigurationIsVisible = 0;
			defaultConfigurationName = Release;
		};
		7FA9A74620F72526007B97E4 /* Build configuration list for PBXNativeTarget "04-KVO底层" */ = {
			isa = XCConfigurationList;
			buildConfigurations = (
				7FA9A74720F72526007B97E4 /* Debug */,
				7FA9A74820F72526007B97E4 /* Release */,
			);
			defaultConfigurationIsVisible = 0;
			defaultConfigurationName = Release;
		};
		7FAB8ED821070E7700A99669 /* Build configuration list for PBXNativeTarget "10-block" */ = {
			isa = XCConfigurationList;
			buildConfigurations = (
				7FAB8ED621070E7700A99669 /* Debug */,
				7FAB8ED721070E7700A99669 /* Release */,
			);
			defaultConfigurationIsVisible = 0;
			defaultConfigurationName = Release;
		};
		7FAB8EE42107391300A99669 /* Build configuration list for PBXNativeTarget "11-block的类型" */ = {
			isa = XCConfigurationList;
			buildConfigurations = (
				7FAB8EE52107391300A99669 /* Debug */,
				7FAB8EE62107391300A99669 /* Release */,
			);
			defaultConfigurationIsVisible = 0;
			defaultConfigurationName = Release;
		};
		7FBB171120F48830001A7577 /* Build configuration list for PBXProject "OCResearch" */ = {
			isa = XCConfigurationList;
			buildConfigurations = (
				7FBB172A20F48831001A7577 /* Debug */,
				7FBB172B20F48831001A7577 /* Release */,
			);
			defaultConfigurationIsVisible = 0;
			defaultConfigurationName = Release;
		};
		7FBB173720F48850001A7577 /* Build configuration list for PBXNativeTarget "01-OC对象" */ = {
			isa = XCConfigurationList;
			buildConfigurations = (
				7FBB173820F48850001A7577 /* Debug */,
				7FBB173920F48850001A7577 /* Release */,
			);
			defaultConfigurationIsVisible = 0;
			defaultConfigurationName = Release;
		};
		7FF4A00F20FEDD1D00E2ED61 /* Build configuration list for PBXNativeTarget "09-关联属性" */ = {
			isa = XCConfigurationList;
			buildConfigurations = (
				7FF4A01020FEDD1D00E2ED61 /* Debug */,
				7FF4A01120FEDD1D00E2ED61 /* Release */,
			);
			defaultConfigurationIsVisible = 0;
			defaultConfigurationName = Release;
		};
		8DA678D720FCD0C60083AAED /* Build configuration list for PBXNativeTarget "06-Category" */ = {
			isa = XCConfigurationList;
			buildConfigurations = (
				8DA678D520FCD0C60083AAED /* Debug */,
				8DA678D620FCD0C60083AAED /* Release */,
			);
			defaultConfigurationIsVisible = 0;
			defaultConfigurationName = Release;
		};
		8DE0A0B720FB3A82004CA173 /* Build configuration list for PBXNativeTarget "05-KVC底层" */ = {
			isa = XCConfigurationList;
			buildConfigurations = (
				8DE0A0B820FB3A82004CA173 /* Debug */,
				8DE0A0B920FB3A82004CA173 /* Release */,
			);
			defaultConfigurationIsVisible = 0;
			defaultConfigurationName = Release;
		};
/* End XCConfigurationList section */
	};
	rootObject = 7FBB170E20F48830001A7577 /* Project object */;
}
